// !$*UTF8*$!
{
	archiveVersion = 1;
	classes = {
	};
	objectVersion = 46;
	objects = {

/* Begin PBXBuildFile section */
		53D67CCC1C60567B0002402F /* main.m in Sources */ = {isa = PBXBuildFile; fileRef = 53D67CCB1C60567B0002402F /* main.m */; };
		53D67CCF1C60567B0002402F /* AppDelegate.m in Sources */ = {isa = PBXBuildFile; fileRef = 53D67CCE1C60567B0002402F /* AppDelegate.m */; };
		53D67CD21C60567B0002402F /* ViewController.m in Sources */ = {isa = PBXBuildFile; fileRef = 53D67CD11C60567B0002402F /* ViewController.m */; };
		53D67CD51C60567B0002402F /* Main.storyboard in Resources */ = {isa = PBXBuildFile; fileRef = 53D67CD31C60567B0002402F /* Main.storyboard */; };
		53D67CD71C60567B0002402F /* Assets.xcassets in Resources */ = {isa = PBXBuildFile; fileRef = 53D67CD61C60567B0002402F /* Assets.xcassets */; };
		53D67CDA1C60567B0002402F /* LaunchScreen.storyboard in Resources */ = {isa = PBXBuildFile; fileRef = 53D67CD81C60567B0002402F /* LaunchScreen.storyboard */; };
		53D67CE51C60567B0002402F /* TriveniHelloWorldTests.m in Sources */ = {isa = PBXBuildFile; fileRef = 53D67CE41C60567B0002402F /* TriveniHelloWorldTests.m */; };
		53D67CF01C60567B0002402F /* TriveniHelloWorldUITests.m in Sources */ = {isa = PBXBuildFile; fileRef = 53D67CEF1C60567B0002402F /* TriveniHelloWorldUITests.m */; };
		E4274D481C62472900C9CCB3 /* world.png in Resources */ = {isa = PBXBuildFile; fileRef = E4274D471C62472900C9CCB3 /* world.png */; };
		E4274D4A1C62492B00C9CCB3 /* follow.png in Resources */ = {isa = PBXBuildFile; fileRef = E4274D491C62492B00C9CCB3 /* follow.png */; };
		E4274D4E1C624C0200C9CCB3 /* AVFoundation.framework in Frameworks */ = {isa = PBXBuildFile; fileRef = E4274D4D1C624C0200C9CCB3 /* AVFoundation.framework */; };
		E4274D5A1C6266E900C9CCB3 /* sea.png in Resources */ = {isa = PBXBuildFile; fileRef = E4274D591C6266E900C9CCB3 /* sea.png */; };
		E4274D5C1C6286B900C9CCB3 /* wave.gif in Resources */ = {isa = PBXBuildFile; fileRef = E4274D5B1C6286B900C9CCB3 /* wave.gif */; };
		E4274D5E1C6287EB00C9CCB3 /* wave.jpg in Resources */ = {isa = PBXBuildFile; fileRef = E4274D5D1C6287EB00C9CCB3 /* wave.jpg */; };
		E47728711C62B97900ABB60D /* music.mp3 in Resources */ = {isa = PBXBuildFile; fileRef = E47728701C62B97900ABB60D /* music.mp3 */; };
/* End PBXBuildFile section */

/* Begin PBXContainerItemProxy section */
		53D67CE11C60567B0002402F /* PBXContainerItemProxy */ = {
			isa = PBXContainerItemProxy;
			containerPortal = 53D67CBF1C60567B0002402F /* Project object */;
			proxyType = 1;
			remoteGlobalIDString = 53D67CC61C60567B0002402F;
			remoteInfo = TriveniHelloWorld;
		};
		53D67CEC1C60567B0002402F /* PBXContainerItemProxy */ = {
			isa = PBXContainerItemProxy;
			containerPortal = 53D67CBF1C60567B0002402F /* Project object */;
			proxyType = 1;
			remoteGlobalIDString = 53D67CC61C60567B0002402F;
			remoteInfo = TriveniHelloWorld;
		};
/* End PBXContainerItemProxy section */

/* Begin PBXFileReference section */
		53D67CC71C60567B0002402F /* TriveniHelloWorld.app */ = {isa = PBXFileReference; explicitFileType = wrapper.application; includeInIndex = 0; path = TriveniHelloWorld.app; sourceTree = BUILT_PRODUCTS_DIR; };
		53D67CCB1C60567B0002402F /* main.m */ = {isa = PBXFileReference; lastKnownFileType = sourcecode.c.objc; path = main.m; sourceTree = "<group>"; };
		53D67CCD1C60567B0002402F /* AppDelegate.h */ = {isa = PBXFileReference; lastKnownFileType = sourcecode.c.h; path = AppDelegate.h; sourceTree = "<group>"; };
		53D67CCE1C60567B0002402F /* AppDelegate.m */ = {isa = PBXFileReference; lastKnownFileType = sourcecode.c.objc; path = AppDelegate.m; sourceTree = "<group>"; };
		53D67CD01C60567B0002402F /* ViewController.h */ = {isa = PBXFileReference; lastKnownFileType = sourcecode.c.h; path = ViewController.h; sourceTree = "<group>"; };
		53D67CD11C60567B0002402F /* ViewController.m */ = {isa = PBXFileReference; lastKnownFileType = sourcecode.c.objc; path = ViewController.m; sourceTree = "<group>"; };
		53D67CD41C60567B0002402F /* Base */ = {isa = PBXFileReference; lastKnownFileType = file.storyboard; name = Base; path = Base.lproj/Main.storyboard; sourceTree = "<group>"; };
		53D67CD61C60567B0002402F /* Assets.xcassets */ = {isa = PBXFileReference; lastKnownFileType = folder.assetcatalog; path = Assets.xcassets; sourceTree = "<group>"; };
		53D67CD91C60567B0002402F /* Base */ = {isa = PBXFileReference; lastKnownFileType = file.storyboard; name = Base; path = Base.lproj/LaunchScreen.storyboard; sourceTree = "<group>"; };
		53D67CDB1C60567B0002402F /* Info.plist */ = {isa = PBXFileReference; lastKnownFileType = text.plist.xml; path = Info.plist; sourceTree = "<group>"; };
		53D67CE01C60567B0002402F /* TriveniHelloWorldTests.xctest */ = {isa = PBXFileReference; explicitFileType = wrapper.cfbundle; includeInIndex = 0; path = TriveniHelloWorldTests.xctest; sourceTree = BUILT_PRODUCTS_DIR; };
		53D67CE41C60567B0002402F /* TriveniHelloWorldTests.m */ = {isa = PBXFileReference; lastKnownFileType = sourcecode.c.objc; path = TriveniHelloWorldTests.m; sourceTree = "<group>"; };
		53D67CE61C60567B0002402F /* Info.plist */ = {isa = PBXFileReference; lastKnownFileType = text.plist.xml; path = Info.plist; sourceTree = "<group>"; };
		53D67CEB1C60567B0002402F /* TriveniHelloWorldUITests.xctest */ = {isa = PBXFileReference; explicitFileType = wrapper.cfbundle; includeInIndex = 0; path = TriveniHelloWorldUITests.xctest; sourceTree = BUILT_PRODUCTS_DIR; };
		53D67CEF1C60567B0002402F /* TriveniHelloWorldUITests.m */ = {isa = PBXFileReference; lastKnownFileType = sourcecode.c.objc; path = TriveniHelloWorldUITests.m; sourceTree = "<group>"; };
		53D67CF11C60567B0002402F /* Info.plist */ = {isa = PBXFileReference; lastKnownFileType = text.plist.xml; path = Info.plist; sourceTree = "<group>"; };
		E4274D471C62472900C9CCB3 /* world.png */ = {isa = PBXFileReference; lastKnownFileType = image.png; name = world.png; path = ../../../Documents/world.png; sourceTree = "<group>"; };
		E4274D491C62492B00C9CCB3 /* follow.png */ = {isa = PBXFileReference; lastKnownFileType = image.png; name = follow.png; path = ../../../Documents/follow.png; sourceTree = "<group>"; };
		E4274D4D1C624C0200C9CCB3 /* AVFoundation.framework */ = {isa = PBXFileReference; lastKnownFileType = wrapper.framework; name = AVFoundation.framework; path = System/Library/Frameworks/AVFoundation.framework; sourceTree = SDKROOT; };
		E4274D591C6266E900C9CCB3 /* sea.png */ = {isa = PBXFileReference; lastKnownFileType = image.png; name = sea.png; path = ../../../Documents/sea.png; sourceTree = "<group>"; };
		E4274D5B1C6286B900C9CCB3 /* wave.gif */ = {isa = PBXFileReference; lastKnownFileType = image.gif; name = wave.gif; path = ../../../Downloads/wave.gif; sourceTree = "<group>"; };
		E4274D5D1C6287EB00C9CCB3 /* wave.jpg */ = {isa = PBXFileReference; lastKnownFileType = image.jpeg; name = wave.jpg; path = ../../../Downloads/wave.jpg; sourceTree = "<group>"; };
		E47728701C62B97900ABB60D /* music.mp3 */ = {isa = PBXFileReference; lastKnownFileType = audio.mp3; path = music.mp3; sourceTree = SOURCE_ROOT; };
/* End PBXFileReference section */

/* Begin PBXFrameworksBuildPhase section */
		53D67CC41C60567B0002402F /* Frameworks */ = {
			isa = PBXFrameworksBuildPhase;
			buildActionMask = 2147483647;
			files = (
				E4274D4E1C624C0200C9CCB3 /* AVFoundation.framework in Frameworks */,
			);
			runOnlyForDeploymentPostprocessing = 0;
		};
		53D67CDD1C60567B0002402F /* Frameworks */ = {
			isa = PBXFrameworksBuildPhase;
			buildActionMask = 2147483647;
			files = (
			);
			runOnlyForDeploymentPostprocessing = 0;
		};
		53D67CE81C60567B0002402F /* Frameworks */ = {
			isa = PBXFrameworksBuildPhase;
			buildActionMask = 2147483647;
			files = (
			);
			runOnlyForDeploymentPostprocessing = 0;
		};
/* End PBXFrameworksBuildPhase section */

/* Begin PBXGroup section */
		53D67CBE1C60567B0002402F = {
			isa = PBXGroup;
			children = (
				E4274D4D1C624C0200C9CCB3 /* AVFoundation.framework */,
				53D67CC91C60567B0002402F /* TriveniHelloWorld */,
				53D67CE31C60567B0002402F /* TriveniHelloWorldTests */,
				53D67CEE1C60567B0002402F /* TriveniHelloWorldUITests */,
				53D67CC81C60567B0002402F /* Products */,
			);
			sourceTree = "<group>";
		};
		53D67CC81C60567B0002402F /* Products */ = {
			isa = PBXGroup;
			children = (
				53D67CC71C60567B0002402F /* TriveniHelloWorld.app */,
				53D67CE01C60567B0002402F /* TriveniHelloWorldTests.xctest */,
				53D67CEB1C60567B0002402F /* TriveniHelloWorldUITests.xctest */,
			);
			name = Products;
			sourceTree = "<group>";
		};
		53D67CC91C60567B0002402F /* TriveniHelloWorld */ = {
			isa = PBXGroup;
			children = (
				53D67CCD1C60567B0002402F /* AppDelegate.h */,
				53D67CCE1C60567B0002402F /* AppDelegate.m */,
				53D67CD01C60567B0002402F /* ViewController.h */,
				53D67CD11C60567B0002402F /* ViewController.m */,
				53D67CD31C60567B0002402F /* Main.storyboard */,
				53D67CD61C60567B0002402F /* Assets.xcassets */,
				53D67CD81C60567B0002402F /* LaunchScreen.storyboard */,
				53D67CDB1C60567B0002402F /* Info.plist */,
				53D67CCA1C60567B0002402F /* Supporting Files */,
			);
			path = TriveniHelloWorld;
			sourceTree = "<group>";
		};
		53D67CCA1C60567B0002402F /* Supporting Files */ = {
			isa = PBXGroup;
			children = (
				E47728701C62B97900ABB60D /* music.mp3 */,
				E4274D5D1C6287EB00C9CCB3 /* wave.jpg */,
				E4274D5B1C6286B900C9CCB3 /* wave.gif */,
				E4274D591C6266E900C9CCB3 /* sea.png */,
				E4274D491C62492B00C9CCB3 /* follow.png */,
				E4274D471C62472900C9CCB3 /* world.png */,
				53D67CCB1C60567B0002402F /* main.m */,
			);
			name = "Supporting Files";
			sourceTree = "<group>";
		};
		53D67CE31C60567B0002402F /* TriveniHelloWorldTests */ = {
			isa = PBXGroup;
			children = (
				53D67CE41C60567B0002402F /* TriveniHelloWorldTests.m */,
				53D67CE61C60567B0002402F /* Info.plist */,
			);
			path = TriveniHelloWorldTests;
			sourceTree = "<group>";
		};
		53D67CEE1C60567B0002402F /* TriveniHelloWorldUITests */ = {
			isa = PBXGroup;
			children = (
				53D67CEF1C60567B0002402F /* TriveniHelloWorldUITests.m */,
				53D67CF11C60567B0002402F /* Info.plist */,
			);
			path = TriveniHelloWorldUITests;
			sourceTree = "<group>";
		};
/* End PBXGroup section */

/* Begin PBXNativeTarget section */
		53D67CC61C60567B0002402F /* TriveniHelloWorld */ = {
			isa = PBXNativeTarget;
			buildConfigurationList = 53D67CF41C60567B0002402F /* Build configuration list for PBXNativeTarget "TriveniHelloWorld" */;
			buildPhases = (
				53D67CC31C60567B0002402F /* Sources */,
				53D67CC41C60567B0002402F /* Frameworks */,
				53D67CC51C60567B0002402F /* Resources */,
			);
			buildRules = (
			);
			dependencies = (
			);
			name = TriveniHelloWorld;
			productName = TriveniHelloWorld;
			productReference = 53D67CC71C60567B0002402F /* TriveniHelloWorld.app */;
			productType = "com.apple.product-type.application";
		};
		53D67CDF1C60567B0002402F /* TriveniHelloWorldTests */ = {
			isa = PBXNativeTarget;
			buildConfigurationList = 53D67CF71C60567B0002402F /* Build configuration list for PBXNativeTarget "TriveniHelloWorldTests" */;
			buildPhases = (
				53D67CDC1C60567B0002402F /* Sources */,
				53D67CDD1C60567B0002402F /* Frameworks */,
				53D67CDE1C60567B0002402F /* Resources */,
			);
			buildRules = (
			);
			dependencies = (
				53D67CE21C60567B0002402F /* PBXTargetDependency */,
			);
			name = TriveniHelloWorldTests;
			productName = TriveniHelloWorldTests;
			productReference = 53D67CE01C60567B0002402F /* TriveniHelloWorldTests.xctest */;
			productType = "com.apple.product-type.bundle.unit-test";
		};
		53D67CEA1C60567B0002402F /* TriveniHelloWorldUITests */ = {
			isa = PBXNativeTarget;
			buildConfigurationList = 53D67CFA1C60567B0002402F /* Build configuration list for PBXNativeTarget "TriveniHelloWorldUITests" */;
			buildPhases = (
				53D67CE71C60567B0002402F /* Sources */,
				53D67CE81C60567B0002402F /* Frameworks */,
				53D67CE91C60567B0002402F /* Resources */,
			);
			buildRules = (
			);
			dependencies = (
				53D67CED1C60567B0002402F /* PBXTargetDependency */,
			);
			name = TriveniHelloWorldUITests;
			productName = TriveniHelloWorldUITests;
			productReference = 53D67CEB1C60567B0002402F /* TriveniHelloWorldUITests.xctest */;
			productType = "com.apple.product-type.bundle.ui-testing";
		};
/* End PBXNativeTarget section */

/* Begin PBXProject section */
		53D67CBF1C60567B0002402F /* Project object */ = {
			isa = PBXProject;
			attributes = {
				LastUpgradeCheck = 0720;
				ORGANIZATIONNAME = "Triveni Banpela";
				TargetAttributes = {
					53D67CC61C60567B0002402F = {
						CreatedOnToolsVersion = 7.2;
					};
					53D67CDF1C60567B0002402F = {
						CreatedOnToolsVersion = 7.2;
						TestTargetID = 53D67CC61C60567B0002402F;
					};
					53D67CEA1C60567B0002402F = {
						CreatedOnToolsVersion = 7.2;
						TestTargetID = 53D67CC61C60567B0002402F;
					};
				};
			};
			buildConfigurationList = 53D67CC21C60567B0002402F /* Build configuration list for PBXProject "TriveniHelloWorld" */;
			compatibilityVersion = "Xcode 3.2";
			developmentRegion = English;
			hasScannedForEncodings = 0;
			knownRegions = (
				en,
				Base,
			);
			mainGroup = 53D67CBE1C60567B0002402F;
			productRefGroup = 53D67CC81C60567B0002402F /* Products */;
			projectDirPath = "";
			projectRoot = "";
			targets = (
				53D67CC61C60567B0002402F /* TriveniHelloWorld */,
				53D67CDF1C60567B0002402F /* TriveniHelloWorldTests */,
				53D67CEA1C60567B0002402F /* TriveniHelloWorldUITests */,
			);
		};
/* End PBXProject section */

/* Begin PBXResourcesBuildPhase section */
		53D67CC51C60567B0002402F /* Resources */ = {
			isa = PBXResourcesBuildPhase;
			buildActionMask = 2147483647;
			files = (
				53D67CDA1C60567B0002402F /* LaunchScreen.storyboard in Resources */,
				53D67CD71C60567B0002402F /* Assets.xcassets in Resources */,
				E47728711C62B97900ABB60D /* music.mp3 in Resources */,
				E4274D5A1C6266E900C9CCB3 /* sea.png in Resources */,
				E4274D5E1C6287EB00C9CCB3 /* wave.jpg in Resources */,
				E4274D481C62472900C9CCB3 /* world.png in Resources */,
				E4274D4A1C62492B00C9CCB3 /* follow.png in Resources */,
				53D67CD51C60567B0002402F /* Main.storyboard in Resources */,
				E4274D5C1C6286B900C9CCB3 /* wave.gif in Resources */,
			);
			runOnlyForDeploymentPostprocessing = 0;
		};
		53D67CDE1C60567B0002402F /* Resources */ = {
			isa = PBXResourcesBuildPhase;
			buildActionMask = 2147483647;
			files = (
			);
			runOnlyForDeploymentPostprocessing = 0;
		};
		53D67CE91C60567B0002402F /* Resources */ = {
			isa = PBXResourcesBuildPhase;
			buildActionMask = 2147483647;
			files = (
			);
			runOnlyForDeploymentPostprocessing = 0;
		};
/* End PBXResourcesBuildPhase section */

/* Begin PBXSourcesBuildPhase section */
		53D67CC31C60567B0002402F /* Sources */ = {
			isa = PBXSourcesBuildPhase;
			buildActionMask = 2147483647;
			files = (
				53D67CD21C60567B0002402F /* ViewController.m in Sources */,
				53D67CCF1C60567B0002402F /* AppDelegate.m in Sources */,
				53D67CCC1C60567B0002402F /* main.m in Sources */,
			);
			runOnlyForDeploymentPostprocessing = 0;
		};
		53D67CDC1C60567B0002402F /* Sources */ = {
			isa = PBXSourcesBuildPhase;
			buildActionMask = 2147483647;
			files = (
				53D67CE51C60567B0002402F /* TriveniHelloWorldTests.m in Sources */,
			);
			runOnlyForDeploymentPostprocessing = 0;
		};
		53D67CE71C60567B0002402F /* Sources */ = {
			isa = PBXSourcesBuildPhase;
			buildActionMask = 2147483647;
			files = (
				53D67CF01C60567B0002402F /* TriveniHelloWorldUITests.m in Sources */,
			);
			runOnlyForDeploymentPostprocessing = 0;
		};
/* End PBXSourcesBuildPhase section */

/* Begin PBXTargetDependency section */
		53D67CE21C60567B0002402F /* PBXTargetDependency */ = {
			isa = PBXTargetDependency;
			target = 53D67CC61C60567B0002402F /* TriveniHelloWorld */;
			targetProxy = 53D67CE11C60567B0002402F /* PBXContainerItemProxy */;
		};
		53D67CED1C60567B0002402F /* PBXTargetDependency */ = {
			isa = PBXTargetDependency;
			target = 53D67CC61C60567B0002402F /* TriveniHelloWorld */;
			targetProxy = 53D67CEC1C60567B0002402F /* PBXContainerItemProxy */;
		};
/* End PBXTargetDependency section */

/* Begin PBXVariantGroup section */
		53D67CD31C60567B0002402F /* Main.storyboard */ = {
			isa = PBXVariantGroup;
			children = (
				53D67CD41C60567B0002402F /* Base */,
			);
			name = Main.storyboard;
			sourceTree = "<group>";
		};
		53D67CD81C60567B0002402F /* LaunchScreen.storyboard */ = {
			isa = PBXVariantGroup;
			children = (
				53D67CD91C60567B0002402F /* Base */,
			);
			name = LaunchScreen.storyboard;
			sourceTree = "<group>";
		};
/* End PBXVariantGroup section */

/* Begin XCBuildConfiguration section */
		53D67CF21C60567B0002402F /* Debug */ = {
			isa = XCBuildConfiguration;
			buildSettings = {
				ALWAYS_SEARCH_USER_PATHS = NO;
				CLANG_CXX_LANGUAGE_STANDARD = "gnu++0x";
				CLANG_CXX_LIBRARY = "libc++";
				CLANG_ENABLE_MODULES = YES;
				CLANG_ENABLE_OBJC_ARC = YES;
				CLANG_WARN_BOOL_CONVERSION = YES;
				CLANG_WARN_CONSTANT_CONVERSION = YES;
				CLANG_WARN_DIRECT_OBJC_ISA_USAGE = YES_ERROR;
				CLANG_WARN_EMPTY_BODY = YES;
				CLANG_WARN_ENUM_CONVERSION = YES;
				CLANG_WARN_INT_CONVERSION = YES;
				CLANG_WARN_OBJC_ROOT_CLASS = YES_ERROR;
				CLANG_WARN_UNREACHABLE_CODE = YES;
				CLANG_WARN__DUPLICATE_METHOD_MATCH = YES;
				"CODE_SIGN_IDENTITY[sdk=iphoneos*]" = "iPhone Developer";
				COPY_PHASE_STRIP = NO;
				DEBUG_INFORMATION_FORMAT = dwarf;
				ENABLE_STRICT_OBJC_MSGSEND = YES;
				ENABLE_TESTABILITY = YES;
				GCC_C_LANGUAGE_STANDARD = gnu99;
				GCC_DYNAMIC_NO_PIC = NO;
				GCC_NO_COMMON_BLOCKS = YES;
				GCC_OPTIMIZATION_LEVEL = 0;
				GCC_PREPROCESSOR_DEFINITIONS = (
					"DEBUG=1",
					"$(inherited)",
				);
				GCC_WARN_64_TO_32_BIT_CONVERSION = YES;
				GCC_WARN_ABOUT_RETURN_TYPE = YES_ERROR;
				GCC_WARN_UNDECLARED_SELECTOR = YES;
				GCC_WARN_UNINITIALIZED_AUTOS = YES_AGGRESSIVE;
				GCC_WARN_UNUSED_FUNCTION = YES;
				GCC_WARN_UNUSED_VARIABLE = YES;
				IPHONEOS_DEPLOYMENT_TARGET = 9.2;
				MTL_ENABLE_DEBUG_INFO = YES;
				ONLY_ACTIVE_ARCH = YES;
				SDKROOT = iphoneos;
				TARGETED_DEVICE_FAMILY = "1,2";
			};
			name = Debug;
		};
		53D67CF31C60567B0002402F /* Release */ = {
			isa = XCBuildConfiguration;
			buildSettings = {
				ALWAYS_SEARCH_USER_PATHS = NO;
				CLANG_CXX_LANGUAGE_STANDARD = "gnu++0x";
				CLANG_CXX_LIBRARY = "libc++";
				CLANG_ENABLE_MODULES = YES;
				CLANG_ENABLE_OBJC_ARC = YES;
				CLANG_WARN_BOOL_CONVERSION = YES;
				CLANG_WARN_CONSTANT_CONVERSION = YES;
				CLANG_WARN_DIRECT_OBJC_ISA_USAGE = YES_ERROR;
				CLANG_WARN_EMPTY_BODY = YES;
				CLANG_WARN_ENUM_CONVERSION = YES;
				CLANG_WARN_INT_CONVERSION = YES;
				CLANG_WARN_OBJC_ROOT_CLASS = YES_ERROR;
				CLANG_WARN_UNREACHABLE_CODE = YES;
				CLANG_WARN__DUPLICATE_METHOD_MATCH = YES;
				"CODE_SIGN_IDENTITY[sdk=iphoneos*]" = "iPhone Developer";
				COPY_PHASE_STRIP = NO;
				DEBUG_INFORMATION_FORMAT = "dwarf-with-dsym";
				ENABLE_NS_ASSERTIONS = NO;
				ENABLE_STRICT_OBJC_MSGSEND = YES;
				GCC_C_LANGUAGE_STANDARD = gnu99;
				GCC_NO_COMMON_BLOCKS = YES;
				GCC_WARN_64_TO_32_BIT_CONVERSION = YES;
				GCC_WARN_ABOUT_RETURN_TYPE = YES_ERROR;
				GCC_WARN_UNDECLARED_SELECTOR = YES;
				GCC_WARN_UNINITIALIZED_AUTOS = YES_AGGRESSIVE;
				GCC_WARN_UNUSED_FUNCTION = YES;
				GCC_WARN_UNUSED_VARIABLE = YES;
				IPHONEOS_DEPLOYMENT_TARGET = 9.2;
				MTL_ENABLE_DEBUG_INFO = NO;
				SDKROOT = iphoneos;
				TARGETED_DEVICE_FAMILY = "1,2";
				VALIDATE_PRODUCT = YES;
			};
			name = Release;
		};
		53D67CF51C60567B0002402F /* Debug */ = {
			isa = XCBuildConfiguration;
			buildSettings = {
				ASSETCATALOG_COMPILER_APPICON_NAME = AppIcon;
				INFOPLIST_FILE = TriveniHelloWorld/Info.plist;
				LD_RUNPATH_SEARCH_PATHS = "$(inherited) @executable_path/Frameworks";
				PRODUCT_BUNDLE_IDENTIFIER = BU.triveni.banpela.TriveniHelloWorld;
				PRODUCT_NAME = "$(TARGET_NAME)";
			};
			name = Debug;
		};
		53D67CF61C60567B0002402F /* Release */ = {
			isa = XCBuildConfiguration;
			buildSettings = {
				ASSETCATALOG_COMPILER_APPICON_NAME = AppIcon;
				INFOPLIST_FILE = TriveniHelloWorld/Info.plist;
				LD_RUNPATH_SEARCH_PATHS = "$(inherited) @executable_path/Frameworks";
				PRODUCT_BUNDLE_IDENTIFIER = BU.triveni.banpela.TriveniHelloWorld;
				PRODUCT_NAME = "$(TARGET_NAME)";
			};
			name = Release;
		};
		53D67CF81C60567B0002402F /* Debug */ = {
			isa = XCBuildConfiguration;
			buildSettings = {
				BUNDLE_LOADER = "$(TEST_HOST)";
				INFOPLIST_FILE = TriveniHelloWorldTests/Info.plist;
				LD_RUNPATH_SEARCH_PATHS = "$(inherited) @executable_path/Frameworks @loader_path/Frameworks";
				PRODUCT_BUNDLE_IDENTIFIER = BU.triveni.banpela.TriveniHelloWorldTests;
				PRODUCT_NAME = "$(TARGET_NAME)";
				TEST_HOST = "$(BUILT_PRODUCTS_DIR)/TriveniHelloWorld.app/TriveniHelloWorld";
			};
			name = Debug;
		};
		53D67CF91C60567B0002402F /* Release */ = {
			isa = XCBuildConfiguration;
			buildSettings = {
				BUNDLE_LOADER = "$(TEST_HOST)";
				INFOPLIST_FILE = TriveniHelloWorldTests/Info.plist;
				LD_RUNPATH_SEARCH_PATHS = "$(inherited) @executable_path/Frameworks @loader_path/Frameworks";
				PRODUCT_BUNDLE_IDENTIFIER = BU.triveni.banpela.TriveniHelloWorldTests;
				PRODUCT_NAME = "$(TARGET_NAME)";
				TEST_HOST = "$(BUILT_PRODUCTS_DIR)/TriveniHelloWorld.app/TriveniHelloWorld";
			};
			name = Release;
		};
		53D67CFB1C60567B0002402F /* Debug */ = {
			isa = XCBuildConfiguration;
			buildSettings = {
				INFOPLIST_FILE = TriveniHelloWorldUITests/Info.plist;
				LD_RUNPATH_SEARCH_PATHS = "$(inherited) @executable_path/Frameworks @loader_path/Frameworks";
				PRODUCT_BUNDLE_IDENTIFIER = BU.triveni.banpela.TriveniHelloWorldUITests;
				PRODUCT_NAME = "$(TARGET_NAME)";
				TEST_TARGET_NAME = TriveniHelloWorld;
				USES_XCTRUNNER = YES;
			};
			name = Debug;
		};
		53D67CFC1C60567B0002402F /* Release */ = {
			isa = XCBuildConfiguration;
			buildSettings = {
				INFOPLIST_FILE = TriveniHelloWorldUITests/Info.plist;
				LD_RUNPATH_SEARCH_PATHS = "$(inherited) @executable_path/Frameworks @loader_path/Frameworks";
				PRODUCT_BUNDLE_IDENTIFIER = BU.triveni.banpela.TriveniHelloWorldUITests;
				PRODUCT_NAME = "$(TARGET_NAME)";
				TEST_TARGET_NAME = TriveniHelloWorld;
				USES_XCTRUNNER = YES;
			};
			name = Release;
		};
/* End XCBuildConfiguration section */

/* Begin XCConfigurationList section */
		53D67CC21C60567B0002402F /* Build configuration list for PBXProject "TriveniHelloWorld" */ = {
			isa = XCConfigurationList;
			buildConfigurations = (
				53D67CF21C60567B0002402F /* Debug */,
				53D67CF31C60567B0002402F /* Release */,
			);
			defaultConfigurationIsVisible = 0;
			defaultConfigurationName = Release;
		};
		53D67CF41C60567B0002402F /* Build configuration list for PBXNativeTarget "TriveniHelloWorld" */ = {
			isa = XCConfigurationList;
			buildConfigurations = (
				53D67CF51C60567B0002402F /* Debug */,
				53D67CF61C60567B0002402F /* Release */,
			);
			defaultConfigurationIsVisible = 0;
			defaultConfigurationName = Release;
		};
		53D67CF71C60567B0002402F /* Build configuration list for PBXNativeTarget "TriveniHelloWorldTests" */ = {
			isa = XCConfigurationList;
			buildConfigurations = (
				53D67CF81C60567B0002402F /* Debug */,
				53D67CF91C60567B0002402F /* Release */,
			);
			defaultConfigurationIsVisible = 0;
			defaultConfigurationName = Release;
		};
		53D67CFA1C60567B0002402F /* Build configuration list for PBXNativeTarget "TriveniHelloWorldUITests" */ = {
			isa = XCConfigurationList;
			buildConfigurations = (
				53D67CFB1C60567B0002402F /* Debug */,
				53D67CFC1C60567B0002402F /* Release */,
			);
			defaultConfigurationIsVisible = 0;
			defaultConfigurationName = Release;
		};
/* End XCConfigurationList section */
	};
	rootObject = 53D67CBF1C60567B0002402F /* Project object */;
}
