// !$*UTF8*$!
{
	archiveVersion = 1;
	classes = {
	};
	objectVersion = 46;
	objects = {

/* Begin PBXBuildFile section */
		E43E48691C62F7DD00700B95 /* main.m in Sources */ = {isa = PBXBuildFile; fileRef = E43E48681C62F7DD00700B95 /* main.m */; };
		E43E486C1C62F7DD00700B95 /* AppDelegate.m in Sources */ = {isa = PBXBuildFile; fileRef = E43E486B1C62F7DD00700B95 /* AppDelegate.m */; };
		E43E486F1C62F7DD00700B95 /* ViewController.m in Sources */ = {isa = PBXBuildFile; fileRef = E43E486E1C62F7DD00700B95 /* ViewController.m */; };
		E43E48721C62F7DE00700B95 /* Main.storyboard in Resources */ = {isa = PBXBuildFile; fileRef = E43E48701C62F7DE00700B95 /* Main.storyboard */; };
		E43E48741C62F7DE00700B95 /* Assets.xcassets in Resources */ = {isa = PBXBuildFile; fileRef = E43E48731C62F7DE00700B95 /* Assets.xcassets */; };
		E43E48771C62F7DE00700B95 /* LaunchScreen.storyboard in Resources */ = {isa = PBXBuildFile; fileRef = E43E48751C62F7DE00700B95 /* LaunchScreen.storyboard */; };
		E43E48821C62F7DE00700B95 /* CountWorldTests.m in Sources */ = {isa = PBXBuildFile; fileRef = E43E48811C62F7DE00700B95 /* CountWorldTests.m */; };
		E43E488D1C62F7DE00700B95 /* CountWorldUITests.m in Sources */ = {isa = PBXBuildFile; fileRef = E43E488C1C62F7DE00700B95 /* CountWorldUITests.m */; };
/* End PBXBuildFile section */

/* Begin PBXContainerItemProxy section */
		E43E487E1C62F7DE00700B95 /* PBXContainerItemProxy */ = {
			isa = PBXContainerItemProxy;
			containerPortal = E43E485C1C62F7DD00700B95 /* Project object */;
			proxyType = 1;
			remoteGlobalIDString = E43E48631C62F7DD00700B95;
			remoteInfo = CountWorld;
		};
		E43E48891C62F7DE00700B95 /* PBXContainerItemProxy */ = {
			isa = PBXContainerItemProxy;
			containerPortal = E43E485C1C62F7DD00700B95 /* Project object */;
			proxyType = 1;
			remoteGlobalIDString = E43E48631C62F7DD00700B95;
			remoteInfo = CountWorld;
		};
/* End PBXContainerItemProxy section */

/* Begin PBXFileReference section */
		E43E48641C62F7DD00700B95 /* CountWorld.app */ = {isa = PBXFileReference; explicitFileType = wrapper.application; includeInIndex = 0; path = CountWorld.app; sourceTree = BUILT_PRODUCTS_DIR; };
		E43E48681C62F7DD00700B95 /* main.m */ = {isa = PBXFileReference; lastKnownFileType = sourcecode.c.objc; path = main.m; sourceTree = "<group>"; };
		E43E486A1C62F7DD00700B95 /* AppDelegate.h */ = {isa = PBXFileReference; lastKnownFileType = sourcecode.c.h; path = AppDelegate.h; sourceTree = "<group>"; };
		E43E486B1C62F7DD00700B95 /* AppDelegate.m */ = {isa = PBXFileReference; lastKnownFileType = sourcecode.c.objc; path = AppDelegate.m; sourceTree = "<group>"; };
		E43E486D1C62F7DD00700B95 /* ViewController.h */ = {isa = PBXFileReference; lastKnownFileType = sourcecode.c.h; path = ViewController.h; sourceTree = "<group>"; };
		E43E486E1C62F7DD00700B95 /* ViewController.m */ = {isa = PBXFileReference; lastKnownFileType = sourcecode.c.objc; path = ViewController.m; sourceTree = "<group>"; };
		E43E48711C62F7DE00700B95 /* Base */ = {isa = PBXFileReference; lastKnownFileType = file.storyboard; name = Base; path = Base.lproj/Main.storyboard; sourceTree = "<group>"; };
		E43E48731C62F7DE00700B95 /* Assets.xcassets */ = {isa = PBXFileReference; lastKnownFileType = folder.assetcatalog; path = Assets.xcassets; sourceTree = "<group>"; };
		E43E48761C62F7DE00700B95 /* Base */ = {isa = PBXFileReference; lastKnownFileType = file.storyboard; name = Base; path = Base.lproj/LaunchScreen.storyboard; sourceTree = "<group>"; };
		E43E48781C62F7DE00700B95 /* Info.plist */ = {isa = PBXFileReference; lastKnownFileType = text.plist.xml; path = Info.plist; sourceTree = "<group>"; };
		E43E487D1C62F7DE00700B95 /* CountWorldTests.xctest */ = {isa = PBXFileReference; explicitFileType = wrapper.cfbundle; includeInIndex = 0; path = CountWorldTests.xctest; sourceTree = BUILT_PRODUCTS_DIR; };
		E43E48811C62F7DE00700B95 /* CountWorldTests.m */ = {isa = PBXFileReference; lastKnownFileType = sourcecode.c.objc; path = CountWorldTests.m; sourceTree = "<group>"; };
		E43E48831C62F7DE00700B95 /* Info.plist */ = {isa = PBXFileReference; lastKnownFileType = text.plist.xml; path = Info.plist; sourceTree = "<group>"; };
		E43E48881C62F7DE00700B95 /* CountWorldUITests.xctest */ = {isa = PBXFileReference; explicitFileType = wrapper.cfbundle; includeInIndex = 0; path = CountWorldUITests.xctest; sourceTree = BUILT_PRODUCTS_DIR; };
		E43E488C1C62F7DE00700B95 /* CountWorldUITests.m */ = {isa = PBXFileReference; lastKnownFileType = sourcecode.c.objc; path = CountWorldUITests.m; sourceTree = "<group>"; };
		E43E488E1C62F7DE00700B95 /* Info.plist */ = {isa = PBXFileReference; lastKnownFileType = text.plist.xml; path = Info.plist; sourceTree = "<group>"; };
/* End PBXFileReference section */

/* Begin PBXFrameworksBuildPhase section */
		E43E48611C62F7DD00700B95 /* Frameworks */ = {
			isa = PBXFrameworksBuildPhase;
			buildActionMask = 2147483647;
			files = (
			);
			runOnlyForDeploymentPostprocessing = 0;
		};
		E43E487A1C62F7DE00700B95 /* Frameworks */ = {
			isa = PBXFrameworksBuildPhase;
			buildActionMask = 2147483647;
			files = (
			);
			runOnlyForDeploymentPostprocessing = 0;
		};
		E43E48851C62F7DE00700B95 /* Frameworks */ = {
			isa = PBXFrameworksBuildPhase;
			buildActionMask = 2147483647;
			files = (
			);
			runOnlyForDeploymentPostprocessing = 0;
		};
/* End PBXFrameworksBuildPhase section */

/* Begin PBXGroup section */
		E43E485B1C62F7DD00700B95 = {
			isa = PBXGroup;
			children = (
				E43E48661C62F7DD00700B95 /* CountWorld */,
				E43E48801C62F7DE00700B95 /* CountWorldTests */,
				E43E488B1C62F7DE00700B95 /* CountWorldUITests */,
				E43E48651C62F7DD00700B95 /* Products */,
			);
			sourceTree = "<group>";
		};
		E43E48651C62F7DD00700B95 /* Products */ = {
			isa = PBXGroup;
			children = (
				E43E48641C62F7DD00700B95 /* CountWorld.app */,
				E43E487D1C62F7DE00700B95 /* CountWorldTests.xctest */,
				E43E48881C62F7DE00700B95 /* CountWorldUITests.xctest */,
			);
			name = Products;
			sourceTree = "<group>";
		};
		E43E48661C62F7DD00700B95 /* CountWorld */ = {
			isa = PBXGroup;
			children = (
				E43E486A1C62F7DD00700B95 /* AppDelegate.h */,
				E43E486B1C62F7DD00700B95 /* AppDelegate.m */,
				E43E486D1C62F7DD00700B95 /* ViewController.h */,
				E43E486E1C62F7DD00700B95 /* ViewController.m */,
				E43E48701C62F7DE00700B95 /* Main.storyboard */,
				E43E48731C62F7DE00700B95 /* Assets.xcassets */,
				E43E48751C62F7DE00700B95 /* LaunchScreen.storyboard */,
				E43E48781C62F7DE00700B95 /* Info.plist */,
				E43E48671C62F7DD00700B95 /* Supporting Files */,
			);
			path = CountWorld;
			sourceTree = "<group>";
		};
		E43E48671C62F7DD00700B95 /* Supporting Files */ = {
			isa = PBXGroup;
			children = (
				E43E48681C62F7DD00700B95 /* main.m */,
			);
			name = "Supporting Files";
			sourceTree = "<group>";
		};
		E43E48801C62F7DE00700B95 /* CountWorldTests */ = {
			isa = PBXGroup;
			children = (
				E43E48811C62F7DE00700B95 /* CountWorldTests.m */,
				E43E48831C62F7DE00700B95 /* Info.plist */,
			);
			path = CountWorldTests;
			sourceTree = "<group>";
		};
		E43E488B1C62F7DE00700B95 /* CountWorldUITests */ = {
			isa = PBXGroup;
			children = (
				E43E488C1C62F7DE00700B95 /* CountWorldUITests.m */,
				E43E488E1C62F7DE00700B95 /* Info.plist */,
			);
			path = CountWorldUITests;
			sourceTree = "<group>";
		};
/* End PBXGroup section */

/* Begin PBXNativeTarget section */
		E43E48631C62F7DD00700B95 /* CountWorld */ = {
			isa = PBXNativeTarget;
			buildConfigurationList = E43E48911C62F7DE00700B95 /* Build configuration list for PBXNativeTarget "CountWorld" */;
			buildPhases = (
				E43E48601C62F7DD00700B95 /* Sources */,
				E43E48611C62F7DD00700B95 /* Frameworks */,
				E43E48621C62F7DD00700B95 /* Resources */,
			);
			buildRules = (
			);
			dependencies = (
			);
			name = CountWorld;
			productName = CountWorld;
			productReference = E43E48641C62F7DD00700B95 /* CountWorld.app */;
			productType = "com.apple.product-type.application";
		};
		E43E487C1C62F7DE00700B95 /* CountWorldTests */ = {
			isa = PBXNativeTarget;
			buildConfigurationList = E43E48941C62F7DE00700B95 /* Build configuration list for PBXNativeTarget "CountWorldTests" */;
			buildPhases = (
				E43E48791C62F7DE00700B95 /* Sources */,
				E43E487A1C62F7DE00700B95 /* Frameworks */,
				E43E487B1C62F7DE00700B95 /* Resources */,
			);
			buildRules = (
			);
			dependencies = (
				E43E487F1C62F7DE00700B95 /* PBXTargetDependency */,
			);
			name = CountWorldTests;
			productName = CountWorldTests;
			productReference = E43E487D1C62F7DE00700B95 /* CountWorldTests.xctest */;
			productType = "com.apple.product-type.bundle.unit-test";
		};
		E43E48871C62F7DE00700B95 /* CountWorldUITests */ = {
			isa = PBXNativeTarget;
			buildConfigurationList = E43E48971C62F7DE00700B95 /* Build configuration list for PBXNativeTarget "CountWorldUITests" */;
			buildPhases = (
				E43E48841C62F7DE00700B95 /* Sources */,
				E43E48851C62F7DE00700B95 /* Frameworks */,
				E43E48861C62F7DE00700B95 /* Resources */,
			);
			buildRules = (
			);
			dependencies = (
				E43E488A1C62F7DE00700B95 /* PBXTargetDependency */,
			);
			name = CountWorldUITests;
			productName = CountWorldUITests;
			productReference = E43E48881C62F7DE00700B95 /* CountWorldUITests.xctest */;
			productType = "com.apple.product-type.bundle.ui-testing";
		};
/* End PBXNativeTarget section */

/* Begin PBXProject section */
		E43E485C1C62F7DD00700B95 /* Project object */ = {
			isa = PBXProject;
			attributes = {
				LastUpgradeCheck = 0720;
				ORGANIZATIONNAME = "Triveni Banpela";
				TargetAttributes = {
					E43E48631C62F7DD00700B95 = {
						CreatedOnToolsVersion = 7.2;
					};
					E43E487C1C62F7DE00700B95 = {
						CreatedOnToolsVersion = 7.2;
						TestTargetID = E43E48631C62F7DD00700B95;
					};
					E43E48871C62F7DE00700B95 = {
						CreatedOnToolsVersion = 7.2;
						TestTargetID = E43E48631C62F7DD00700B95;
					};
				};
			};
			buildConfigurationList = E43E485F1C62F7DD00700B95 /* Build configuration list for PBXProject "CountWorld" */;
			compatibilityVersion = "Xcode 3.2";
			developmentRegion = English;
			hasScannedForEncodings = 0;
			knownRegions = (
				en,
				Base,
			);
			mainGroup = E43E485B1C62F7DD00700B95;
			productRefGroup = E43E48651C62F7DD00700B95 /* Products */;
			projectDirPath = "";
			projectRoot = "";
			targets = (
				E43E48631C62F7DD00700B95 /* CountWorld */,
				E43E487C1C62F7DE00700B95 /* CountWorldTests */,
				E43E48871C62F7DE00700B95 /* CountWorldUITests */,
			);
		};
/* End PBXProject section */

/* Begin PBXResourcesBuildPhase section */
		E43E48621C62F7DD00700B95 /* Resources */ = {
			isa = PBXResourcesBuildPhase;
			buildActionMask = 2147483647;
			files = (
				E43E48771C62F7DE00700B95 /* LaunchScreen.storyboard in Resources */,
				E43E48741C62F7DE00700B95 /* Assets.xcassets in Resources */,
				E43E48721C62F7DE00700B95 /* Main.storyboard in Resources */,
			);
			runOnlyForDeploymentPostprocessing = 0;
		};
		E43E487B1C62F7DE00700B95 /* Resources */ = {
			isa = PBXResourcesBuildPhase;
			buildActionMask = 2147483647;
			files = (
			);
			runOnlyForDeploymentPostprocessing = 0;
		};
		E43E48861C62F7DE00700B95 /* Resources */ = {
			isa = PBXResourcesBuildPhase;
			buildActionMask = 2147483647;
			files = (
			);
			runOnlyForDeploymentPostprocessing = 0;
		};
/* End PBXResourcesBuildPhase section */

/* Begin PBXSourcesBuildPhase section */
		E43E48601C62F7DD00700B95 /* Sources */ = {
			isa = PBXSourcesBuildPhase;
			buildActionMask = 2147483647;
			files = (
				E43E486F1C62F7DD00700B95 /* ViewController.m in Sources */,
				E43E486C1C62F7DD00700B95 /* AppDelegate.m in Sources */,
				E43E48691C62F7DD00700B95 /* main.m in Sources */,
			);
			runOnlyForDeploymentPostprocessing = 0;
		};
		E43E48791C62F7DE00700B95 /* Sources */ = {
			isa = PBXSourcesBuildPhase;
			buildActionMask = 2147483647;
			files = (
				E43E48821C62F7DE00700B95 /* CountWorldTests.m in Sources */,
			);
			runOnlyForDeploymentPostprocessing = 0;
		};
		E43E48841C62F7DE00700B95 /* Sources */ = {
			isa = PBXSourcesBuildPhase;
			buildActionMask = 2147483647;
			files = (
				E43E488D1C62F7DE00700B95 /* CountWorldUITests.m in Sources */,
			);
			runOnlyForDeploymentPostprocessing = 0;
		};
/* End PBXSourcesBuildPhase section */

/* Begin PBXTargetDependency section */
		E43E487F1C62F7DE00700B95 /* PBXTargetDependency */ = {
			isa = PBXTargetDependency;
			target = E43E48631C62F7DD00700B95 /* CountWorld */;
			targetProxy = E43E487E1C62F7DE00700B95 /* PBXContainerItemProxy */;
		};
		E43E488A1C62F7DE00700B95 /* PBXTargetDependency */ = {
			isa = PBXTargetDependency;
			target = E43E48631C62F7DD00700B95 /* CountWorld */;
			targetProxy = E43E48891C62F7DE00700B95 /* PBXContainerItemProxy */;
		};
/* End PBXTargetDependency section */

/* Begin PBXVariantGroup section */
		E43E48701C62F7DE00700B95 /* Main.storyboard */ = {
			isa = PBXVariantGroup;
			children = (
				E43E48711C62F7DE00700B95 /* Base */,
			);
			name = Main.storyboard;
			sourceTree = "<group>";
		};
		E43E48751C62F7DE00700B95 /* LaunchScreen.storyboard */ = {
			isa = PBXVariantGroup;
			children = (
				E43E48761C62F7DE00700B95 /* Base */,
			);
			name = LaunchScreen.storyboard;
			sourceTree = "<group>";
		};
/* End PBXVariantGroup section */

/* Begin XCBuildConfiguration section */
		E43E488F1C62F7DE00700B95 /* Debug */ = {
			isa = XCBuildConfiguration;
			buildSettings = {
				ALWAYS_SEARCH_USER_PATHS = NO;
				CLANG_CXX_LANGUAGE_STANDARD = "gnu++0x";
				CLANG_CXX_LIBRARY = "libc++";
				CLANG_ENABLE_MODULES = YES;
				CLANG_ENABLE_OBJC_ARC = YES;
				CLANG_WARN_BOOL_CONVERSION = YES;
				CLANG_WARN_CONSTANT_CONVERSION = YES;
				CLANG_WARN_DIRECT_OBJC_ISA_USAGE = YES_ERROR;
				CLANG_WARN_EMPTY_BODY = YES;
				CLANG_WARN_ENUM_CONVERSION = YES;
				CLANG_WARN_INT_CONVERSION = YES;
				CLANG_WARN_OBJC_ROOT_CLASS = YES_ERROR;
				CLANG_WARN_UNREACHABLE_CODE = YES;
				CLANG_WARN__DUPLICATE_METHOD_MATCH = YES;
				"CODE_SIGN_IDENTITY[sdk=iphoneos*]" = "iPhone Developer";
				COPY_PHASE_STRIP = NO;
				DEBUG_INFORMATION_FORMAT = dwarf;
				ENABLE_STRICT_OBJC_MSGSEND = YES;
				ENABLE_TESTABILITY = YES;
				GCC_C_LANGUAGE_STANDARD = gnu99;
				GCC_DYNAMIC_NO_PIC = NO;
				GCC_NO_COMMON_BLOCKS = YES;
				GCC_OPTIMIZATION_LEVEL = 0;
				GCC_PREPROCESSOR_DEFINITIONS = (
					"DEBUG=1",
					"$(inherited)",
				);
				GCC_WARN_64_TO_32_BIT_CONVERSION = YES;
				GCC_WARN_ABOUT_RETURN_TYPE = YES_ERROR;
				GCC_WARN_UNDECLARED_SELECTOR = YES;
				GCC_WARN_UNINITIALIZED_AUTOS = YES_AGGRESSIVE;
				GCC_WARN_UNUSED_FUNCTION = YES;
				GCC_WARN_UNUSED_VARIABLE = YES;
				IPHONEOS_DEPLOYMENT_TARGET = 9.2;
				MTL_ENABLE_DEBUG_INFO = YES;
				ONLY_ACTIVE_ARCH = YES;
				SDKROOT = iphoneos;
			};
			name = Debug;
		};
		E43E48901C62F7DE00700B95 /* Release */ = {
			isa = XCBuildConfiguration;
			buildSettings = {
				ALWAYS_SEARCH_USER_PATHS = NO;
				CLANG_CXX_LANGUAGE_STANDARD = "gnu++0x";
				CLANG_CXX_LIBRARY = "libc++";
				CLANG_ENABLE_MODULES = YES;
				CLANG_ENABLE_OBJC_ARC = YES;
				CLANG_WARN_BOOL_CONVERSION = YES;
				CLANG_WARN_CONSTANT_CONVERSION = YES;
				CLANG_WARN_DIRECT_OBJC_ISA_USAGE = YES_ERROR;
				CLANG_WARN_EMPTY_BODY = YES;
				CLANG_WARN_ENUM_CONVERSION = YES;
				CLANG_WARN_INT_CONVERSION = YES;
				CLANG_WARN_OBJC_ROOT_CLASS = YES_ERROR;
				CLANG_WARN_UNREACHABLE_CODE = YES;
				CLANG_WARN__DUPLICATE_METHOD_MATCH = YES;
				"CODE_SIGN_IDENTITY[sdk=iphoneos*]" = "iPhone Developer";
				COPY_PHASE_STRIP = NO;
				DEBUG_INFORMATION_FORMAT = "dwarf-with-dsym";
				ENABLE_NS_ASSERTIONS = NO;
				ENABLE_STRICT_OBJC_MSGSEND = YES;
				GCC_C_LANGUAGE_STANDARD = gnu99;
				GCC_NO_COMMON_BLOCKS = YES;
				GCC_WARN_64_TO_32_BIT_CONVERSION = YES;
				GCC_WARN_ABOUT_RETURN_TYPE = YES_ERROR;
				GCC_WARN_UNDECLARED_SELECTOR = YES;
				GCC_WARN_UNINITIALIZED_AUTOS = YES_AGGRESSIVE;
				GCC_WARN_UNUSED_FUNCTION = YES;
				GCC_WARN_UNUSED_VARIABLE = YES;
				IPHONEOS_DEPLOYMENT_TARGET = 9.2;
				MTL_ENABLE_DEBUG_INFO = NO;
				SDKROOT = iphoneos;
				VALIDATE_PRODUCT = YES;
			};
			name = Release;
		};
		E43E48921C62F7DE00700B95 /* Debug */ = {
			isa = XCBuildConfiguration;
			buildSettings = {
				ASSETCATALOG_COMPILER_APPICON_NAME = AppIcon;
				INFOPLIST_FILE = CountWorld/Info.plist;
				LD_RUNPATH_SEARCH_PATHS = "$(inherited) @executable_path/Frameworks";
				PRODUCT_BUNDLE_IDENTIFIER = ProjectHello.CountWorld;
				PRODUCT_NAME = "$(TARGET_NAME)";
			};
			name = Debug;
		};
		E43E48931C62F7DE00700B95 /* Release */ = {
			isa = XCBuildConfiguration;
			buildSettings = {
				ASSETCATALOG_COMPILER_APPICON_NAME = AppIcon;
				INFOPLIST_FILE = CountWorld/Info.plist;
				LD_RUNPATH_SEARCH_PATHS = "$(inherited) @executable_path/Frameworks";
				PRODUCT_BUNDLE_IDENTIFIER = ProjectHello.CountWorld;
				PRODUCT_NAME = "$(TARGET_NAME)";
			};
			name = Release;
		};
		E43E48951C62F7DE00700B95 /* Debug */ = {
			isa = XCBuildConfiguration;
			buildSettings = {
				BUNDLE_LOADER = "$(TEST_HOST)";
				INFOPLIST_FILE = CountWorldTests/Info.plist;
				LD_RUNPATH_SEARCH_PATHS = "$(inherited) @executable_path/Frameworks @loader_path/Frameworks";
				PRODUCT_BUNDLE_IDENTIFIER = ProjectHello.CountWorldTests;
				PRODUCT_NAME = "$(TARGET_NAME)";
				TEST_HOST = "$(BUILT_PRODUCTS_DIR)/CountWorld.app/CountWorld";
			};
			name = Debug;
		};
		E43E48961C62F7DE00700B95 /* Release */ = {
			isa = XCBuildConfiguration;
			buildSettings = {
				BUNDLE_LOADER = "$(TEST_HOST)";
				INFOPLIST_FILE = CountWorldTests/Info.plist;
				LD_RUNPATH_SEARCH_PATHS = "$(inherited) @executable_path/Frameworks @loader_path/Frameworks";
				PRODUCT_BUNDLE_IDENTIFIER = ProjectHello.CountWorldTests;
				PRODUCT_NAME = "$(TARGET_NAME)";
				TEST_HOST = "$(BUILT_PRODUCTS_DIR)/CountWorld.app/CountWorld";
			};
			name = Release;
		};
		E43E48981C62F7DE00700B95 /* Debug */ = {
			isa = XCBuildConfiguration;
			buildSettings = {
				INFOPLIST_FILE = CountWorldUITests/Info.plist;
				LD_RUNPATH_SEARCH_PATHS = "$(inherited) @executable_path/Frameworks @loader_path/Frameworks";
				PRODUCT_BUNDLE_IDENTIFIER = ProjectHello.CountWorldUITests;
				PRODUCT_NAME = "$(TARGET_NAME)";
				TEST_TARGET_NAME = CountWorld;
				USES_XCTRUNNER = YES;
			};
			name = Debug;
		};
		E43E48991C62F7DE00700B95 /* Release */ = {
			isa = XCBuildConfiguration;
			buildSettings = {
				INFOPLIST_FILE = CountWorldUITests/Info.plist;
				LD_RUNPATH_SEARCH_PATHS = "$(inherited) @executable_path/Frameworks @loader_path/Frameworks";
				PRODUCT_BUNDLE_IDENTIFIER = ProjectHello.CountWorldUITests;
				PRODUCT_NAME = "$(TARGET_NAME)";
				TEST_TARGET_NAME = CountWorld;
				USES_XCTRUNNER = YES;
			};
			name = Release;
		};
/* End XCBuildConfiguration section */

/* Begin XCConfigurationList section */
		E43E485F1C62F7DD00700B95 /* Build configuration list for PBXProject "CountWorld" */ = {
			isa = XCConfigurationList;
			buildConfigurations = (
				E43E488F1C62F7DE00700B95 /* Debug */,
				E43E48901C62F7DE00700B95 /* Release */,
			);
			defaultConfigurationIsVisible = 0;
			defaultConfigurationName = Release;
		};
		E43E48911C62F7DE00700B95 /* Build configuration list for PBXNativeTarget "CountWorld" */ = {
			isa = XCConfigurationList;
			buildConfigurations = (
				E43E48921C62F7DE00700B95 /* Debug */,
				E43E48931C62F7DE00700B95 /* Release */,
			);
			defaultConfigurationIsVisible = 0;
		};
		E43E48941C62F7DE00700B95 /* Build configuration list for PBXNativeTarget "CountWorldTests" */ = {
			isa = XCConfigurationList;
			buildConfigurations = (
				E43E48951C62F7DE00700B95 /* Debug */,
				E43E48961C62F7DE00700B95 /* Release */,
			);
			defaultConfigurationIsVisible = 0;
		};
		E43E48971C62F7DE00700B95 /* Build configuration list for PBXNativeTarget "CountWorldUITests" */ = {
			isa = XCConfigurationList;
			buildConfigurations = (
				E43E48981C62F7DE00700B95 /* Debug */,
				E43E48991C62F7DE00700B95 /* Release */,
			);
			defaultConfigurationIsVisible = 0;
		};
/* End XCConfigurationList section */
	};
	rootObject = E43E485C1C62F7DD00700B95 /* Project object */;
}
