// !$*UTF8*$!
{
	archiveVersion = 1;
	classes = {
	};
	objectVersion = 46;
	objects = {

/* Begin PBXBuildFile section */
		E427D8151C7AD98F009E7275 /* SpaceFlier_sm_1.png in Resources */ = {isa = PBXBuildFile; fileRef = E427D8141C7AD98F009E7275 /* SpaceFlier_sm_1.png */; };
		E427D8191C7ADB8B009E7275 /* FMMParallaxNode.m in Sources */ = {isa = PBXBuildFile; fileRef = E427D8181C7ADB8B009E7275 /* FMMParallaxNode.m */; };
		E427D8211C7ADD05009E7275 /* bg_front_spacedust.png in Resources */ = {isa = PBXBuildFile; fileRef = E427D81C1C7ADD05009E7275 /* bg_front_spacedust.png */; };
		E427D8221C7ADD05009E7275 /* bg_galaxy.png in Resources */ = {isa = PBXBuildFile; fileRef = E427D81D1C7ADD05009E7275 /* bg_galaxy.png */; };
		E427D8231C7ADD05009E7275 /* bg_planetsunrise.png in Resources */ = {isa = PBXBuildFile; fileRef = E427D81E1C7ADD05009E7275 /* bg_planetsunrise.png */; };
		E427D8241C7ADD05009E7275 /* bg_spacialanomaly.png in Resources */ = {isa = PBXBuildFile; fileRef = E427D81F1C7ADD05009E7275 /* bg_spacialanomaly.png */; };
		E427D8251C7ADD05009E7275 /* bg_spacialanomaly2.png in Resources */ = {isa = PBXBuildFile; fileRef = E427D8201C7ADD05009E7275 /* bg_spacialanomaly2.png */; };
		E427D8291C7ADE7C009E7275 /* stars1.sks in Resources */ = {isa = PBXBuildFile; fileRef = E427D8281C7ADE7C009E7275 /* stars1.sks */; };
		E427D82B1C7ADE8E009E7275 /* stars2.sks in Resources */ = {isa = PBXBuildFile; fileRef = E427D82A1C7ADE8E009E7275 /* stars2.sks */; };
		E427D82D1C7ADEAB009E7275 /* stars3.sks in Resources */ = {isa = PBXBuildFile; fileRef = E427D82C1C7ADEAB009E7275 /* stars3.sks */; };
		E427D8311C7ADECB009E7275 /* star1.png in Resources */ = {isa = PBXBuildFile; fileRef = E427D82E1C7ADECB009E7275 /* star1.png */; };
		E427D8321C7ADECB009E7275 /* star2.png in Resources */ = {isa = PBXBuildFile; fileRef = E427D82F1C7ADECB009E7275 /* star2.png */; };
		E427D8331C7ADECB009E7275 /* star3.png in Resources */ = {isa = PBXBuildFile; fileRef = E427D8301C7ADECB009E7275 /* star3.png */; };
		E427D8361C7AE4A6009E7275 /* asteroid2.png in Resources */ = {isa = PBXBuildFile; fileRef = E427D8351C7AE4A6009E7275 /* asteroid2.png */; };
		E427D8391C7AE539009E7275 /* laser_blue.png in Resources */ = {isa = PBXBuildFile; fileRef = E427D8371C7AE539009E7275 /* laser_blue.png */; };
		E427D83A1C7AE539009E7275 /* laser_red.png in Resources */ = {isa = PBXBuildFile; fileRef = E427D8381C7AE539009E7275 /* laser_red.png */; };
		E4CE2D721C7ACF2E0081DFC9 /* main.m in Sources */ = {isa = PBXBuildFile; fileRef = E4CE2D711C7ACF2E0081DFC9 /* main.m */; };
		E4CE2D751C7ACF2E0081DFC9 /* AppDelegate.m in Sources */ = {isa = PBXBuildFile; fileRef = E4CE2D741C7ACF2E0081DFC9 /* AppDelegate.m */; };
		E4CE2D781C7ACF2E0081DFC9 /* GameScene.m in Sources */ = {isa = PBXBuildFile; fileRef = E4CE2D771C7ACF2E0081DFC9 /* GameScene.m */; };
		E4CE2D7A1C7ACF2E0081DFC9 /* GameScene.sks in Resources */ = {isa = PBXBuildFile; fileRef = E4CE2D791C7ACF2E0081DFC9 /* GameScene.sks */; };
		E4CE2D7D1C7ACF2E0081DFC9 /* GameViewController.m in Sources */ = {isa = PBXBuildFile; fileRef = E4CE2D7C1C7ACF2E0081DFC9 /* GameViewController.m */; };
		E4CE2D801C7ACF2E0081DFC9 /* Main.storyboard in Resources */ = {isa = PBXBuildFile; fileRef = E4CE2D7E1C7ACF2E0081DFC9 /* Main.storyboard */; };
		E4CE2D821C7ACF2E0081DFC9 /* Assets.xcassets in Resources */ = {isa = PBXBuildFile; fileRef = E4CE2D811C7ACF2E0081DFC9 /* Assets.xcassets */; };
		E4CE2D851C7ACF2E0081DFC9 /* LaunchScreen.storyboard in Resources */ = {isa = PBXBuildFile; fileRef = E4CE2D831C7ACF2E0081DFC9 /* LaunchScreen.storyboard */; };
		E4CE2D901C7ACF2F0081DFC9 /* DemoskTests.m in Sources */ = {isa = PBXBuildFile; fileRef = E4CE2D8F1C7ACF2F0081DFC9 /* DemoskTests.m */; };
		E4CE2D9B1C7ACF2F0081DFC9 /* DemoskUITests.m in Sources */ = {isa = PBXBuildFile; fileRef = E4CE2D9A1C7ACF2F0081DFC9 /* DemoskUITests.m */; };
		E4CE2DAF1C7ACFB80081DFC9 /* icon-large@2x.png in Resources */ = {isa = PBXBuildFile; fileRef = E4CE2DAA1C7ACFB80081DFC9 /* icon-large@2x.png */; };
		E4CE2DB01C7ACFB80081DFC9 /* icon-medium.png in Resources */ = {isa = PBXBuildFile; fileRef = E4CE2DAB1C7ACFB80081DFC9 /* icon-medium.png */; };
		E4CE2DB11C7ACFB80081DFC9 /* icon-medium@2x.png in Resources */ = {isa = PBXBuildFile; fileRef = E4CE2DAC1C7ACFB80081DFC9 /* icon-medium@2x.png */; };
		E4CE2DB21C7ACFB80081DFC9 /* icon-small.png in Resources */ = {isa = PBXBuildFile; fileRef = E4CE2DAD1C7ACFB80081DFC9 /* icon-small.png */; };
		E4CE2DB31C7ACFB80081DFC9 /* icon-small@2x.png in Resources */ = {isa = PBXBuildFile; fileRef = E4CE2DAE1C7ACFB80081DFC9 /* icon-small@2x.png */; };
/* End PBXBuildFile section */

/* Begin PBXContainerItemProxy section */
		E4CE2D8C1C7ACF2E0081DFC9 /* PBXContainerItemProxy */ = {
			isa = PBXContainerItemProxy;
			containerPortal = E4CE2D651C7ACF2E0081DFC9 /* Project object */;
			proxyType = 1;
			remoteGlobalIDString = E4CE2D6C1C7ACF2E0081DFC9;
			remoteInfo = Demosk;
		};
		E4CE2D971C7ACF2F0081DFC9 /* PBXContainerItemProxy */ = {
			isa = PBXContainerItemProxy;
			containerPortal = E4CE2D651C7ACF2E0081DFC9 /* Project object */;
			proxyType = 1;
			remoteGlobalIDString = E4CE2D6C1C7ACF2E0081DFC9;
			remoteInfo = Demosk;
		};
/* End PBXContainerItemProxy section */

/* Begin PBXFileReference section */
		E427D8141C7AD98F009E7275 /* SpaceFlier_sm_1.png */ = {isa = PBXFileReference; lastKnownFileType = image.png; path = SpaceFlier_sm_1.png; sourceTree = "<group>"; };
		E427D8171C7ADB36009E7275 /* FMMParallaxNode.h */ = {isa = PBXFileReference; lastKnownFileType = sourcecode.c.h; path = FMMParallaxNode.h; sourceTree = "<group>"; };
		E427D8181C7ADB8B009E7275 /* FMMParallaxNode.m */ = {isa = PBXFileReference; fileEncoding = 4; lastKnownFileType = sourcecode.c.objc; path = FMMParallaxNode.m; sourceTree = "<group>"; };
		E427D81C1C7ADD05009E7275 /* bg_front_spacedust.png */ = {isa = PBXFileReference; lastKnownFileType = image.png; path = bg_front_spacedust.png; sourceTree = "<group>"; };
		E427D81D1C7ADD05009E7275 /* bg_galaxy.png */ = {isa = PBXFileReference; lastKnownFileType = image.png; path = bg_galaxy.png; sourceTree = "<group>"; };
		E427D81E1C7ADD05009E7275 /* bg_planetsunrise.png */ = {isa = PBXFileReference; lastKnownFileType = image.png; path = bg_planetsunrise.png; sourceTree = "<group>"; };
		E427D81F1C7ADD05009E7275 /* bg_spacialanomaly.png */ = {isa = PBXFileReference; lastKnownFileType = image.png; path = bg_spacialanomaly.png; sourceTree = "<group>"; };
		E427D8201C7ADD05009E7275 /* bg_spacialanomaly2.png */ = {isa = PBXFileReference; lastKnownFileType = image.png; path = bg_spacialanomaly2.png; sourceTree = "<group>"; };
		E427D8281C7ADE7C009E7275 /* stars1.sks */ = {isa = PBXFileReference; lastKnownFileType = file.sks; path = stars1.sks; sourceTree = "<group>"; };
		E427D82A1C7ADE8E009E7275 /* stars2.sks */ = {isa = PBXFileReference; lastKnownFileType = file.sks; path = stars2.sks; sourceTree = "<group>"; };
		E427D82C1C7ADEAB009E7275 /* stars3.sks */ = {isa = PBXFileReference; lastKnownFileType = file.sks; path = stars3.sks; sourceTree = "<group>"; };
		E427D82E1C7ADECB009E7275 /* star1.png */ = {isa = PBXFileReference; lastKnownFileType = image.png; path = star1.png; sourceTree = "<group>"; };
		E427D82F1C7ADECB009E7275 /* star2.png */ = {isa = PBXFileReference; lastKnownFileType = image.png; path = star2.png; sourceTree = "<group>"; };
		E427D8301C7ADECB009E7275 /* star3.png */ = {isa = PBXFileReference; lastKnownFileType = image.png; path = star3.png; sourceTree = "<group>"; };
		E427D8351C7AE4A6009E7275 /* asteroid2.png */ = {isa = PBXFileReference; lastKnownFileType = image.png; path = asteroid2.png; sourceTree = "<group>"; };
		E427D8371C7AE539009E7275 /* laser_blue.png */ = {isa = PBXFileReference; lastKnownFileType = image.png; path = laser_blue.png; sourceTree = "<group>"; };
		E427D8381C7AE539009E7275 /* laser_red.png */ = {isa = PBXFileReference; lastKnownFileType = image.png; path = laser_red.png; sourceTree = "<group>"; };
		E427D83D1C7AEA8E009E7275 /* explosion_large.caf */ = {isa = PBXFileReference; lastKnownFileType = file; path = explosion_large.caf; sourceTree = "<group>"; };
		E427D83E1C7AEA8E009E7275 /* explosion_small.caf */ = {isa = PBXFileReference; lastKnownFileType = file; path = explosion_small.caf; sourceTree = "<group>"; };
		E427D83F1C7AEA8E009E7275 /* laser_enemy.caf */ = {isa = PBXFileReference; lastKnownFileType = file; path = laser_enemy.caf; sourceTree = "<group>"; };
		E427D8401C7AEA8E009E7275 /* laser_ship.caf */ = {isa = PBXFileReference; lastKnownFileType = file; path = laser_ship.caf; sourceTree = "<group>"; };
		E427D8411C7AEA9F009E7275 /* powerup.caf */ = {isa = PBXFileReference; lastKnownFileType = file; path = powerup.caf; sourceTree = "<group>"; };
		E427D8421C7AEA9F009E7275 /* shake.caf */ = {isa = PBXFileReference; lastKnownFileType = file; path = shake.caf; sourceTree = "<group>"; };
		E427D8431C7AEAB1009E7275 /* SpaceGame.caf */ = {isa = PBXFileReference; lastKnownFileType = file; path = SpaceGame.caf; sourceTree = "<group>"; };
		E4CE2D6D1C7ACF2E0081DFC9 /* Demosk.app */ = {isa = PBXFileReference; explicitFileType = wrapper.application; includeInIndex = 0; path = Demosk.app; sourceTree = BUILT_PRODUCTS_DIR; };
		E4CE2D711C7ACF2E0081DFC9 /* main.m */ = {isa = PBXFileReference; lastKnownFileType = sourcecode.c.objc; path = main.m; sourceTree = "<group>"; };
		E4CE2D731C7ACF2E0081DFC9 /* AppDelegate.h */ = {isa = PBXFileReference; lastKnownFileType = sourcecode.c.h; path = AppDelegate.h; sourceTree = "<group>"; };
		E4CE2D741C7ACF2E0081DFC9 /* AppDelegate.m */ = {isa = PBXFileReference; lastKnownFileType = sourcecode.c.objc; path = AppDelegate.m; sourceTree = "<group>"; };
		E4CE2D761C7ACF2E0081DFC9 /* GameScene.h */ = {isa = PBXFileReference; lastKnownFileType = sourcecode.c.h; path = GameScene.h; sourceTree = "<group>"; };
		E4CE2D771C7ACF2E0081DFC9 /* GameScene.m */ = {isa = PBXFileReference; lastKnownFileType = sourcecode.c.objc; path = GameScene.m; sourceTree = "<group>"; };
		E4CE2D791C7ACF2E0081DFC9 /* GameScene.sks */ = {isa = PBXFileReference; lastKnownFileType = file.sks; path = GameScene.sks; sourceTree = "<group>"; };
		E4CE2D7B1C7ACF2E0081DFC9 /* GameViewController.h */ = {isa = PBXFileReference; lastKnownFileType = sourcecode.c.h; path = GameViewController.h; sourceTree = "<group>"; };
		E4CE2D7C1C7ACF2E0081DFC9 /* GameViewController.m */ = {isa = PBXFileReference; lastKnownFileType = sourcecode.c.objc; path = GameViewController.m; sourceTree = "<group>"; };
		E4CE2D7F1C7ACF2E0081DFC9 /* Base */ = {isa = PBXFileReference; lastKnownFileType = file.storyboard; name = Base; path = Base.lproj/Main.storyboard; sourceTree = "<group>"; };
		E4CE2D811C7ACF2E0081DFC9 /* Assets.xcassets */ = {isa = PBXFileReference; lastKnownFileType = folder.assetcatalog; path = Assets.xcassets; sourceTree = "<group>"; };
		E4CE2D841C7ACF2E0081DFC9 /* Base */ = {isa = PBXFileReference; lastKnownFileType = file.storyboard; name = Base; path = Base.lproj/LaunchScreen.storyboard; sourceTree = "<group>"; };
		E4CE2D861C7ACF2E0081DFC9 /* Info.plist */ = {isa = PBXFileReference; lastKnownFileType = text.plist.xml; path = Info.plist; sourceTree = "<group>"; };
		E4CE2D8B1C7ACF2E0081DFC9 /* DemoskTests.xctest */ = {isa = PBXFileReference; explicitFileType = wrapper.cfbundle; includeInIndex = 0; path = DemoskTests.xctest; sourceTree = BUILT_PRODUCTS_DIR; };
		E4CE2D8F1C7ACF2F0081DFC9 /* DemoskTests.m */ = {isa = PBXFileReference; lastKnownFileType = sourcecode.c.objc; path = DemoskTests.m; sourceTree = "<group>"; };
		E4CE2D911C7ACF2F0081DFC9 /* Info.plist */ = {isa = PBXFileReference; lastKnownFileType = text.plist.xml; path = Info.plist; sourceTree = "<group>"; };
		E4CE2D961C7ACF2F0081DFC9 /* DemoskUITests.xctest */ = {isa = PBXFileReference; explicitFileType = wrapper.cfbundle; includeInIndex = 0; path = DemoskUITests.xctest; sourceTree = BUILT_PRODUCTS_DIR; };
		E4CE2D9A1C7ACF2F0081DFC9 /* DemoskUITests.m */ = {isa = PBXFileReference; lastKnownFileType = sourcecode.c.objc; path = DemoskUITests.m; sourceTree = "<group>"; };
		E4CE2D9C1C7ACF2F0081DFC9 /* Info.plist */ = {isa = PBXFileReference; lastKnownFileType = text.plist.xml; path = Info.plist; sourceTree = "<group>"; };
		E4CE2DAA1C7ACFB80081DFC9 /* icon-large@2x.png */ = {isa = PBXFileReference; lastKnownFileType = image.png; path = "icon-large@2x.png"; sourceTree = "<group>"; };
		E4CE2DAB1C7ACFB80081DFC9 /* icon-medium.png */ = {isa = PBXFileReference; lastKnownFileType = image.png; path = "icon-medium.png"; sourceTree = "<group>"; };
		E4CE2DAC1C7ACFB80081DFC9 /* icon-medium@2x.png */ = {isa = PBXFileReference; lastKnownFileType = image.png; path = "icon-medium@2x.png"; sourceTree = "<group>"; };
		E4CE2DAD1C7ACFB80081DFC9 /* icon-small.png */ = {isa = PBXFileReference; lastKnownFileType = image.png; path = "icon-small.png"; sourceTree = "<group>"; };
		E4CE2DAE1C7ACFB80081DFC9 /* icon-small@2x.png */ = {isa = PBXFileReference; lastKnownFileType = image.png; path = "icon-small@2x.png"; sourceTree = "<group>"; };
/* End PBXFileReference section */

/* Begin PBXFrameworksBuildPhase section */
		E4CE2D6A1C7ACF2E0081DFC9 /* Frameworks */ = {
			isa = PBXFrameworksBuildPhase;
			buildActionMask = 2147483647;
			files = (
			);
			runOnlyForDeploymentPostprocessing = 0;
		};
		E4CE2D881C7ACF2E0081DFC9 /* Frameworks */ = {
			isa = PBXFrameworksBuildPhase;
			buildActionMask = 2147483647;
			files = (
			);
			runOnlyForDeploymentPostprocessing = 0;
		};
		E4CE2D931C7ACF2F0081DFC9 /* Frameworks */ = {
			isa = PBXFrameworksBuildPhase;
			buildActionMask = 2147483647;
			files = (
			);
			runOnlyForDeploymentPostprocessing = 0;
		};
/* End PBXFrameworksBuildPhase section */

/* Begin PBXGroup section */
		E427D8161C7ADB1D009E7275 /* Classes */ = {
			isa = PBXGroup;
			children = (
				E427D8181C7ADB8B009E7275 /* FMMParallaxNode.m */,
				E427D8171C7ADB36009E7275 /* FMMParallaxNode.h */,
			);
			name = Classes;
			sourceTree = "<group>";
		};
		E427D8261C7ADD14009E7275 /* Background */ = {
			isa = PBXGroup;
			children = (
				E427D81C1C7ADD05009E7275 /* bg_front_spacedust.png */,
				E427D81D1C7ADD05009E7275 /* bg_galaxy.png */,
				E427D81E1C7ADD05009E7275 /* bg_planetsunrise.png */,
				E427D81F1C7ADD05009E7275 /* bg_spacialanomaly.png */,
				E427D8201C7ADD05009E7275 /* bg_spacialanomaly2.png */,
			);
			name = Background;
			sourceTree = "<group>";
		};
		E427D8271C7ADE69009E7275 /* Particles */ = {
			isa = PBXGroup;
			children = (
				E427D8281C7ADE7C009E7275 /* stars1.sks */,
				E427D8301C7ADECB009E7275 /* star3.png */,
				E427D82F1C7ADECB009E7275 /* star2.png */,
				E427D82E1C7ADECB009E7275 /* star1.png */,
				E427D82C1C7ADEAB009E7275 /* stars3.sks */,
				E427D82A1C7ADE8E009E7275 /* stars2.sks */,
			);
			name = Particles;
			sourceTree = "<group>";
		};
		E427D83B1C7AE546009E7275 /* Space */ = {
			isa = PBXGroup;
			children = (
				E427D8351C7AE4A6009E7275 /* asteroid2.png */,
				E427D8371C7AE539009E7275 /* laser_blue.png */,
				E427D8381C7AE539009E7275 /* laser_red.png */,
			);
			name = Space;
			sourceTree = "<group>";
		};
		E427D83C1C7AEA4A009E7275 /* Music */ = {
			isa = PBXGroup;
			children = (
				E427D8411C7AEA9F009E7275 /* powerup.caf */,
				E427D8421C7AEA9F009E7275 /* shake.caf */,
				E427D8431C7AEAB1009E7275 /* SpaceGame.caf */,
				E427D83D1C7AEA8E009E7275 /* explosion_large.caf */,
				E427D83E1C7AEA8E009E7275 /* explosion_small.caf */,
				E427D83F1C7AEA8E009E7275 /* laser_enemy.caf */,
				E427D8401C7AEA8E009E7275 /* laser_ship.caf */,
			);
			name = Music;
			sourceTree = "<group>";
		};
		E4CE2D641C7ACF2E0081DFC9 = {
			isa = PBXGroup;
			children = (
				E4CE2D6F1C7ACF2E0081DFC9 /* Demosk */,
				E4CE2D8E1C7ACF2F0081DFC9 /* DemoskTests */,
				E4CE2D991C7ACF2F0081DFC9 /* DemoskUITests */,
				E4CE2D6E1C7ACF2E0081DFC9 /* Products */,
			);
			sourceTree = "<group>";
		};
		E4CE2D6E1C7ACF2E0081DFC9 /* Products */ = {
			isa = PBXGroup;
			children = (
				E4CE2D6D1C7ACF2E0081DFC9 /* Demosk.app */,
				E4CE2D8B1C7ACF2E0081DFC9 /* DemoskTests.xctest */,
				E4CE2D961C7ACF2F0081DFC9 /* DemoskUITests.xctest */,
			);
			name = Products;
			sourceTree = "<group>";
		};
		E4CE2D6F1C7ACF2E0081DFC9 /* Demosk */ = {
			isa = PBXGroup;
			children = (
				E4CE2D731C7ACF2E0081DFC9 /* AppDelegate.h */,
				E4CE2D741C7ACF2E0081DFC9 /* AppDelegate.m */,
				E4CE2D761C7ACF2E0081DFC9 /* GameScene.h */,
				E4CE2D771C7ACF2E0081DFC9 /* GameScene.m */,
				E4CE2D791C7ACF2E0081DFC9 /* GameScene.sks */,
				E4CE2D7B1C7ACF2E0081DFC9 /* GameViewController.h */,
				E4CE2D7C1C7ACF2E0081DFC9 /* GameViewController.m */,
				E4CE2DB61C7AD0430081DFC9 /* Resources */,
				E4CE2D7E1C7ACF2E0081DFC9 /* Main.storyboard */,
				E4CE2D811C7ACF2E0081DFC9 /* Assets.xcassets */,
				E4CE2D831C7ACF2E0081DFC9 /* LaunchScreen.storyboard */,
				E4CE2D861C7ACF2E0081DFC9 /* Info.plist */,
				E4CE2D701C7ACF2E0081DFC9 /* Supporting Files */,
			);
			path = Demosk;
			sourceTree = "<group>";
		};
		E4CE2D701C7ACF2E0081DFC9 /* Supporting Files */ = {
			isa = PBXGroup;
			children = (
				E4CE2D711C7ACF2E0081DFC9 /* main.m */,
			);
			name = "Supporting Files";
			sourceTree = "<group>";
		};
		E4CE2D8E1C7ACF2F0081DFC9 /* DemoskTests */ = {
			isa = PBXGroup;
			children = (
				E4CE2D8F1C7ACF2F0081DFC9 /* DemoskTests.m */,
				E4CE2D911C7ACF2F0081DFC9 /* Info.plist */,
			);
			path = DemoskTests;
			sourceTree = "<group>";
		};
		E4CE2D991C7ACF2F0081DFC9 /* DemoskUITests */ = {
			isa = PBXGroup;
			children = (
				E4CE2D9A1C7ACF2F0081DFC9 /* DemoskUITests.m */,
				E4CE2D9C1C7ACF2F0081DFC9 /* Info.plist */,
			);
			path = DemoskUITests;
			sourceTree = "<group>";
		};
		E4CE2DB51C7ACFFB0081DFC9 /* Icons */ = {
			isa = PBXGroup;
			children = (
				E4CE2DAA1C7ACFB80081DFC9 /* icon-large@2x.png */,
				E4CE2DAB1C7ACFB80081DFC9 /* icon-medium.png */,
				E427D8141C7AD98F009E7275 /* SpaceFlier_sm_1.png */,
				E4CE2DAC1C7ACFB80081DFC9 /* icon-medium@2x.png */,
				E4CE2DAD1C7ACFB80081DFC9 /* icon-small.png */,
				E4CE2DAE1C7ACFB80081DFC9 /* icon-small@2x.png */,
			);
			name = Icons;
			sourceTree = "<group>";
		};
		E4CE2DB61C7AD0430081DFC9 /* Resources */ = {
			isa = PBXGroup;
			children = (
				E427D83C1C7AEA4A009E7275 /* Music */,
				E427D83B1C7AE546009E7275 /* Space */,
				E427D8271C7ADE69009E7275 /* Particles */,
				E427D8261C7ADD14009E7275 /* Background */,
				E427D8161C7ADB1D009E7275 /* Classes */,
				E4CE2DB51C7ACFFB0081DFC9 /* Icons */,
			);
			name = Resources;
			sourceTree = "<group>";
		};
/* End PBXGroup section */

/* Begin PBXNativeTarget section */
		E4CE2D6C1C7ACF2E0081DFC9 /* Demosk */ = {
			isa = PBXNativeTarget;
			buildConfigurationList = E4CE2D9F1C7ACF2F0081DFC9 /* Build configuration list for PBXNativeTarget "Demosk" */;
			buildPhases = (
				E4CE2D691C7ACF2E0081DFC9 /* Sources */,
				E4CE2D6A1C7ACF2E0081DFC9 /* Frameworks */,
				E4CE2D6B1C7ACF2E0081DFC9 /* Resources */,
			);
			buildRules = (
			);
			dependencies = (
			);
			name = Demosk;
			productName = Demosk;
			productReference = E4CE2D6D1C7ACF2E0081DFC9 /* Demosk.app */;
			productType = "com.apple.product-type.application";
		};
		E4CE2D8A1C7ACF2E0081DFC9 /* DemoskTests */ = {
			isa = PBXNativeTarget;
			buildConfigurationList = E4CE2DA21C7ACF2F0081DFC9 /* Build configuration list for PBXNativeTarget "DemoskTests" */;
			buildPhases = (
				E4CE2D871C7ACF2E0081DFC9 /* Sources */,
				E4CE2D881C7ACF2E0081DFC9 /* Frameworks */,
				E4CE2D891C7ACF2E0081DFC9 /* Resources */,
			);
			buildRules = (
			);
			dependencies = (
				E4CE2D8D1C7ACF2E0081DFC9 /* PBXTargetDependency */,
			);
			name = DemoskTests;
			productName = DemoskTests;
			productReference = E4CE2D8B1C7ACF2E0081DFC9 /* DemoskTests.xctest */;
			productType = "com.apple.product-type.bundle.unit-test";
		};
		E4CE2D951C7ACF2F0081DFC9 /* DemoskUITests */ = {
			isa = PBXNativeTarget;
			buildConfigurationList = E4CE2DA51C7ACF2F0081DFC9 /* Build configuration list for PBXNativeTarget "DemoskUITests" */;
			buildPhases = (
				E4CE2D921C7ACF2F0081DFC9 /* Sources */,
				E4CE2D931C7ACF2F0081DFC9 /* Frameworks */,
				E4CE2D941C7ACF2F0081DFC9 /* Resources */,
			);
			buildRules = (
			);
			dependencies = (
				E4CE2D981C7ACF2F0081DFC9 /* PBXTargetDependency */,
			);
			name = DemoskUITests;
			productName = DemoskUITests;
			productReference = E4CE2D961C7ACF2F0081DFC9 /* DemoskUITests.xctest */;
			productType = "com.apple.product-type.bundle.ui-testing";
		};
/* End PBXNativeTarget section */

/* Begin PBXProject section */
		E4CE2D651C7ACF2E0081DFC9 /* Project object */ = {
			isa = PBXProject;
			attributes = {
				LastUpgradeCheck = 0720;
				ORGANIZATIONNAME = "Triveni Banpela";
				TargetAttributes = {
					E4CE2D6C1C7ACF2E0081DFC9 = {
						CreatedOnToolsVersion = 7.2;
					};
					E4CE2D8A1C7ACF2E0081DFC9 = {
						CreatedOnToolsVersion = 7.2;
						TestTargetID = E4CE2D6C1C7ACF2E0081DFC9;
					};
					E4CE2D951C7ACF2F0081DFC9 = {
						CreatedOnToolsVersion = 7.2;
						TestTargetID = E4CE2D6C1C7ACF2E0081DFC9;
					};
				};
			};
			buildConfigurationList = E4CE2D681C7ACF2E0081DFC9 /* Build configuration list for PBXProject "Demosk" */;
			compatibilityVersion = "Xcode 3.2";
			developmentRegion = English;
			hasScannedForEncodings = 0;
			knownRegions = (
				en,
				Base,
			);
			mainGroup = E4CE2D641C7ACF2E0081DFC9;
			productRefGroup = E4CE2D6E1C7ACF2E0081DFC9 /* Products */;
			projectDirPath = "";
			projectRoot = "";
			targets = (
				E4CE2D6C1C7ACF2E0081DFC9 /* Demosk */,
				E4CE2D8A1C7ACF2E0081DFC9 /* DemoskTests */,
				E4CE2D951C7ACF2F0081DFC9 /* DemoskUITests */,
			);
		};
/* End PBXProject section */

/* Begin PBXResourcesBuildPhase section */
		E4CE2D6B1C7ACF2E0081DFC9 /* Resources */ = {
			isa = PBXResourcesBuildPhase;
			buildActionMask = 2147483647;
			files = (
				E4CE2DB21C7ACFB80081DFC9 /* icon-small.png in Resources */,
				E427D83A1C7AE539009E7275 /* laser_red.png in Resources */,
				E4CE2D7A1C7ACF2E0081DFC9 /* GameScene.sks in Resources */,
				E4CE2DB11C7ACFB80081DFC9 /* icon-medium@2x.png in Resources */,
				E427D8361C7AE4A6009E7275 /* asteroid2.png in Resources */,
				E427D8151C7AD98F009E7275 /* SpaceFlier_sm_1.png in Resources */,
				E427D8321C7ADECB009E7275 /* star2.png in Resources */,
				E427D8241C7ADD05009E7275 /* bg_spacialanomaly.png in Resources */,
				E427D82B1C7ADE8E009E7275 /* stars2.sks in Resources */,
				E427D8311C7ADECB009E7275 /* star1.png in Resources */,
				E427D8251C7ADD05009E7275 /* bg_spacialanomaly2.png in Resources */,
				E427D82D1C7ADEAB009E7275 /* stars3.sks in Resources */,
				E4CE2D851C7ACF2E0081DFC9 /* LaunchScreen.storyboard in Resources */,
				E427D8291C7ADE7C009E7275 /* stars1.sks in Resources */,
				E427D8391C7AE539009E7275 /* laser_blue.png in Resources */,
				E4CE2D821C7ACF2E0081DFC9 /* Assets.xcassets in Resources */,
				E427D8221C7ADD05009E7275 /* bg_galaxy.png in Resources */,
				E4CE2D801C7ACF2E0081DFC9 /* Main.storyboard in Resources */,
				E4CE2DB31C7ACFB80081DFC9 /* icon-small@2x.png in Resources */,
				E4CE2DAF1C7ACFB80081DFC9 /* icon-large@2x.png in Resources */,
				E427D8211C7ADD05009E7275 /* bg_front_spacedust.png in Resources */,
				E427D8231C7ADD05009E7275 /* bg_planetsunrise.png in Resources */,
				E427D8331C7ADECB009E7275 /* star3.png in Resources */,
				E4CE2DB01C7ACFB80081DFC9 /* icon-medium.png in Resources */,
			);
			runOnlyForDeploymentPostprocessing = 0;
		};
		E4CE2D891C7ACF2E0081DFC9 /* Resources */ = {
			isa = PBXResourcesBuildPhase;
			buildActionMask = 2147483647;
			files = (
			);
			runOnlyForDeploymentPostprocessing = 0;
		};
		E4CE2D941C7ACF2F0081DFC9 /* Resources */ = {
			isa = PBXResourcesBuildPhase;
			buildActionMask = 2147483647;
			files = (
			);
			runOnlyForDeploymentPostprocessing = 0;
		};
/* End PBXResourcesBuildPhase section */

/* Begin PBXSourcesBuildPhase section */
		E4CE2D691C7ACF2E0081DFC9 /* Sources */ = {
			isa = PBXSourcesBuildPhase;
			buildActionMask = 2147483647;
			files = (
				E4CE2D7D1C7ACF2E0081DFC9 /* GameViewController.m in Sources */,
				E4CE2D751C7ACF2E0081DFC9 /* AppDelegate.m in Sources */,
				E4CE2D781C7ACF2E0081DFC9 /* GameScene.m in Sources */,
				E427D8191C7ADB8B009E7275 /* FMMParallaxNode.m in Sources */,
				E4CE2D721C7ACF2E0081DFC9 /* main.m in Sources */,
			);
			runOnlyForDeploymentPostprocessing = 0;
		};
		E4CE2D871C7ACF2E0081DFC9 /* Sources */ = {
			isa = PBXSourcesBuildPhase;
			buildActionMask = 2147483647;
			files = (
				E4CE2D901C7ACF2F0081DFC9 /* DemoskTests.m in Sources */,
			);
			runOnlyForDeploymentPostprocessing = 0;
		};
		E4CE2D921C7ACF2F0081DFC9 /* Sources */ = {
			isa = PBXSourcesBuildPhase;
			buildActionMask = 2147483647;
			files = (
				E4CE2D9B1C7ACF2F0081DFC9 /* DemoskUITests.m in Sources */,
			);
			runOnlyForDeploymentPostprocessing = 0;
		};
/* End PBXSourcesBuildPhase section */

/* Begin PBXTargetDependency section */
		E4CE2D8D1C7ACF2E0081DFC9 /* PBXTargetDependency */ = {
			isa = PBXTargetDependency;
			target = E4CE2D6C1C7ACF2E0081DFC9 /* Demosk */;
			targetProxy = E4CE2D8C1C7ACF2E0081DFC9 /* PBXContainerItemProxy */;
		};
		E4CE2D981C7ACF2F0081DFC9 /* PBXTargetDependency */ = {
			isa = PBXTargetDependency;
			target = E4CE2D6C1C7ACF2E0081DFC9 /* Demosk */;
			targetProxy = E4CE2D971C7ACF2F0081DFC9 /* PBXContainerItemProxy */;
		};
/* End PBXTargetDependency section */

/* Begin PBXVariantGroup section */
		E4CE2D7E1C7ACF2E0081DFC9 /* Main.storyboard */ = {
			isa = PBXVariantGroup;
			children = (
				E4CE2D7F1C7ACF2E0081DFC9 /* Base */,
			);
			name = Main.storyboard;
			sourceTree = "<group>";
		};
		E4CE2D831C7ACF2E0081DFC9 /* LaunchScreen.storyboard */ = {
			isa = PBXVariantGroup;
			children = (
				E4CE2D841C7ACF2E0081DFC9 /* Base */,
			);
			name = LaunchScreen.storyboard;
			sourceTree = "<group>";
		};
/* End PBXVariantGroup section */

/* Begin XCBuildConfiguration section */
		E4CE2D9D1C7ACF2F0081DFC9 /* Debug */ = {
			isa = XCBuildConfiguration;
			buildSettings = {
				ALWAYS_SEARCH_USER_PATHS = NO;
				CLANG_CXX_LANGUAGE_STANDARD = "gnu++0x";
				CLANG_CXX_LIBRARY = "libc++";
				CLANG_ENABLE_MODULES = YES;
				CLANG_ENABLE_OBJC_ARC = YES;
				CLANG_WARN_BOOL_CONVERSION = YES;
				CLANG_WARN_CONSTANT_CONVERSION = YES;
				CLANG_WARN_DIRECT_OBJC_ISA_USAGE = YES_ERROR;
				CLANG_WARN_EMPTY_BODY = YES;
				CLANG_WARN_ENUM_CONVERSION = YES;
				CLANG_WARN_INT_CONVERSION = YES;
				CLANG_WARN_OBJC_ROOT_CLASS = YES_ERROR;
				CLANG_WARN_UNREACHABLE_CODE = YES;
				CLANG_WARN__DUPLICATE_METHOD_MATCH = YES;
				"CODE_SIGN_IDENTITY[sdk=iphoneos*]" = "iPhone Developer";
				COPY_PHASE_STRIP = NO;
				DEBUG_INFORMATION_FORMAT = "dwarf-with-dsym";
				ENABLE_STRICT_OBJC_MSGSEND = YES;
				ENABLE_TESTABILITY = YES;
				GCC_C_LANGUAGE_STANDARD = gnu99;
				GCC_DYNAMIC_NO_PIC = NO;
				GCC_NO_COMMON_BLOCKS = YES;
				GCC_OPTIMIZATION_LEVEL = 0;
				GCC_PREPROCESSOR_DEFINITIONS = (
					"DEBUG=1",
					"$(inherited)",
				);
				GCC_WARN_64_TO_32_BIT_CONVERSION = YES;
				GCC_WARN_ABOUT_RETURN_TYPE = YES_ERROR;
				GCC_WARN_UNDECLARED_SELECTOR = YES;
				GCC_WARN_UNINITIALIZED_AUTOS = YES_AGGRESSIVE;
				GCC_WARN_UNUSED_FUNCTION = YES;
				GCC_WARN_UNUSED_VARIABLE = YES;
				IPHONEOS_DEPLOYMENT_TARGET = 9.2;
				MTL_ENABLE_DEBUG_INFO = YES;
				ONLY_ACTIVE_ARCH = YES;
				SDKROOT = iphoneos;
			};
			name = Debug;
		};
		E4CE2D9E1C7ACF2F0081DFC9 /* Release */ = {
			isa = XCBuildConfiguration;
			buildSettings = {
				ALWAYS_SEARCH_USER_PATHS = NO;
				CLANG_CXX_LANGUAGE_STANDARD = "gnu++0x";
				CLANG_CXX_LIBRARY = "libc++";
				CLANG_ENABLE_MODULES = YES;
				CLANG_ENABLE_OBJC_ARC = YES;
				CLANG_WARN_BOOL_CONVERSION = YES;
				CLANG_WARN_CONSTANT_CONVERSION = YES;
				CLANG_WARN_DIRECT_OBJC_ISA_USAGE = YES_ERROR;
				CLANG_WARN_EMPTY_BODY = YES;
				CLANG_WARN_ENUM_CONVERSION = YES;
				CLANG_WARN_INT_CONVERSION = YES;
				CLANG_WARN_OBJC_ROOT_CLASS = YES_ERROR;
				CLANG_WARN_UNREACHABLE_CODE = YES;
				CLANG_WARN__DUPLICATE_METHOD_MATCH = YES;
				"CODE_SIGN_IDENTITY[sdk=iphoneos*]" = "iPhone Developer";
				COPY_PHASE_STRIP = NO;
				DEBUG_INFORMATION_FORMAT = "dwarf-with-dsym";
				ENABLE_NS_ASSERTIONS = NO;
				ENABLE_STRICT_OBJC_MSGSEND = YES;
				GCC_C_LANGUAGE_STANDARD = gnu99;
				GCC_NO_COMMON_BLOCKS = YES;
				GCC_WARN_64_TO_32_BIT_CONVERSION = YES;
				GCC_WARN_ABOUT_RETURN_TYPE = YES_ERROR;
				GCC_WARN_UNDECLARED_SELECTOR = YES;
				GCC_WARN_UNINITIALIZED_AUTOS = YES_AGGRESSIVE;
				GCC_WARN_UNUSED_FUNCTION = YES;
				GCC_WARN_UNUSED_VARIABLE = YES;
				IPHONEOS_DEPLOYMENT_TARGET = 9.2;
				MTL_ENABLE_DEBUG_INFO = NO;
				SDKROOT = iphoneos;
				VALIDATE_PRODUCT = YES;
			};
			name = Release;
		};
		E4CE2DA01C7ACF2F0081DFC9 /* Debug */ = {
			isa = XCBuildConfiguration;
			buildSettings = {
				ASSETCATALOG_COMPILER_APPICON_NAME = AppIcon;
				INFOPLIST_FILE = Demosk/Info.plist;
				LD_RUNPATH_SEARCH_PATHS = "$(inherited) @executable_path/Frameworks";
				PRODUCT_BUNDLE_IDENTIFIER = triveni.Demosk;
				PRODUCT_NAME = "$(TARGET_NAME)";
			};
			name = Debug;
		};
		E4CE2DA11C7ACF2F0081DFC9 /* Release */ = {
			isa = XCBuildConfiguration;
			buildSettings = {
				ASSETCATALOG_COMPILER_APPICON_NAME = AppIcon;
				INFOPLIST_FILE = Demosk/Info.plist;
				LD_RUNPATH_SEARCH_PATHS = "$(inherited) @executable_path/Frameworks";
				PRODUCT_BUNDLE_IDENTIFIER = triveni.Demosk;
				PRODUCT_NAME = "$(TARGET_NAME)";
			};
			name = Release;
		};
		E4CE2DA31C7ACF2F0081DFC9 /* Debug */ = {
			isa = XCBuildConfiguration;
			buildSettings = {
				BUNDLE_LOADER = "$(TEST_HOST)";
				DEBUG_INFORMATION_FORMAT = dwarf;
				INFOPLIST_FILE = DemoskTests/Info.plist;
				LD_RUNPATH_SEARCH_PATHS = "$(inherited) @executable_path/Frameworks @loader_path/Frameworks";
				PRODUCT_BUNDLE_IDENTIFIER = triveni.DemoskTests;
				PRODUCT_NAME = "$(TARGET_NAME)";
				TEST_HOST = "$(BUILT_PRODUCTS_DIR)/Demosk.app/Demosk";
			};
			name = Debug;
		};
		E4CE2DA41C7ACF2F0081DFC9 /* Release */ = {
			isa = XCBuildConfiguration;
			buildSettings = {
				BUNDLE_LOADER = "$(TEST_HOST)";
				INFOPLIST_FILE = DemoskTests/Info.plist;
				LD_RUNPATH_SEARCH_PATHS = "$(inherited) @executable_path/Frameworks @loader_path/Frameworks";
				PRODUCT_BUNDLE_IDENTIFIER = triveni.DemoskTests;
				PRODUCT_NAME = "$(TARGET_NAME)";
				TEST_HOST = "$(BUILT_PRODUCTS_DIR)/Demosk.app/Demosk";
			};
			name = Release;
		};
		E4CE2DA61C7ACF2F0081DFC9 /* Debug */ = {
			isa = XCBuildConfiguration;
			buildSettings = {
				DEBUG_INFORMATION_FORMAT = dwarf;
				INFOPLIST_FILE = DemoskUITests/Info.plist;
				LD_RUNPATH_SEARCH_PATHS = "$(inherited) @executable_path/Frameworks @loader_path/Frameworks";
				PRODUCT_BUNDLE_IDENTIFIER = triveni.DemoskUITests;
				PRODUCT_NAME = "$(TARGET_NAME)";
				TEST_TARGET_NAME = Demosk;
				USES_XCTRUNNER = YES;
			};
			name = Debug;
		};
		E4CE2DA71C7ACF2F0081DFC9 /* Release */ = {
			isa = XCBuildConfiguration;
			buildSettings = {
				INFOPLIST_FILE = DemoskUITests/Info.plist;
				LD_RUNPATH_SEARCH_PATHS = "$(inherited) @executable_path/Frameworks @loader_path/Frameworks";
				PRODUCT_BUNDLE_IDENTIFIER = triveni.DemoskUITests;
				PRODUCT_NAME = "$(TARGET_NAME)";
				TEST_TARGET_NAME = Demosk;
				USES_XCTRUNNER = YES;
			};
			name = Release;
		};
/* End XCBuildConfiguration section */

/* Begin XCConfigurationList section */
		E4CE2D681C7ACF2E0081DFC9 /* Build configuration list for PBXProject "Demosk" */ = {
			isa = XCConfigurationList;
			buildConfigurations = (
				E4CE2D9D1C7ACF2F0081DFC9 /* Debug */,
				E4CE2D9E1C7ACF2F0081DFC9 /* Release */,
			);
			defaultConfigurationIsVisible = 0;
			defaultConfigurationName = Release;
		};
		E4CE2D9F1C7ACF2F0081DFC9 /* Build configuration list for PBXNativeTarget "Demosk" */ = {
			isa = XCConfigurationList;
			buildConfigurations = (
				E4CE2DA01C7ACF2F0081DFC9 /* Debug */,
				E4CE2DA11C7ACF2F0081DFC9 /* Release */,
			);
			defaultConfigurationIsVisible = 0;
			defaultConfigurationName = Release;
		};
		E4CE2DA21C7ACF2F0081DFC9 /* Build configuration list for PBXNativeTarget "DemoskTests" */ = {
			isa = XCConfigurationList;
			buildConfigurations = (
				E4CE2DA31C7ACF2F0081DFC9 /* Debug */,
				E4CE2DA41C7ACF2F0081DFC9 /* Release */,
			);
			defaultConfigurationIsVisible = 0;
			defaultConfigurationName = Release;
		};
		E4CE2DA51C7ACF2F0081DFC9 /* Build configuration list for PBXNativeTarget "DemoskUITests" */ = {
			isa = XCConfigurationList;
			buildConfigurations = (
				E4CE2DA61C7ACF2F0081DFC9 /* Debug */,
				E4CE2DA71C7ACF2F0081DFC9 /* Release */,
			);
			defaultConfigurationIsVisible = 0;
			defaultConfigurationName = Release;
		};
/* End XCConfigurationList section */
	};
	rootObject = E4CE2D651C7ACF2E0081DFC9 /* Project object */;
}
